// !$*UTF8*$!
{
	archiveVersion = 1;
	classes = {
	};
	objectVersion = 54;
	objects = {

/* Begin PBXAggregateTarget section */
		6DA54ADD52A344109FA6E40D /* ALL_BUILD */ = {
			isa = PBXAggregateTarget;
			buildConfigurationList = FA05E5A017B2490DA4B0F0E5 /* Build configuration list for PBXAggregateTarget "ALL_BUILD" */;
			buildPhases = (
				73625854FFBF684F5EB78F42 /* Generate CMakeFiles/ALL_BUILD */,
			);
			dependencies = (
				8566AB7DCE3D4E099EC7288B /* PBXTargetDependency */,
				6CDF8BADD90F4C4D8D8A71F3 /* PBXTargetDependency */,
			);
			name = ALL_BUILD;
			productName = ALL_BUILD;
		};
		8750AF4312314F7B837A3AE8 /* ZERO_CHECK */ = {
			isa = PBXAggregateTarget;
			buildConfigurationList = AF9155A32F9549A4A4F3A7B5 /* Build configuration list for PBXAggregateTarget "ZERO_CHECK" */;
			buildPhases = (
				7531CB75CE49F14786B51714 /* Generate CMakeFiles/ZERO_CHECK */,
			);
			dependencies = (
			);
			name = ZERO_CHECK;
			productName = ZERO_CHECK;
		};
/* End PBXAggregateTarget section */

/* Begin PBXBuildFile section */
		55E6D22A2A8E94B300EC3365 /* MoltenVK.xcframework in Frameworks */ = {isa = PBXBuildFile; fileRef = 55E6D2292A8E94B300EC3365 /* MoltenVK.xcframework */; };
		55E6D22C2A8E971500EC3365 /* IOSurface.framework in Frameworks */ = {isa = PBXBuildFile; fileRef = 55E6D22B2A8E971400EC3365 /* IOSurface.framework */; };
		55E6D22E2A8E972000EC3365 /* Foundation.framework in Frameworks */ = {isa = PBXBuildFile; fileRef = 55E6D22D2A8E972000EC3365 /* Foundation.framework */; };
		55E6D2302A8E972B00EC3365 /* Metal.framework in Frameworks */ = {isa = PBXBuildFile; fileRef = 55E6D22F2A8E972B00EC3365 /* Metal.framework */; };
		55E6D2322A8E973A00EC3365 /* IOKit.framework in Frameworks */ = {isa = PBXBuildFile; fileRef = 55E6D2312A8E973A00EC3365 /* IOKit.framework */; };
		55E6D2342A8E974300EC3365 /* UIKit.framework in Frameworks */ = {isa = PBXBuildFile; fileRef = 55E6D2332A8E974300EC3365 /* UIKit.framework */; };
		55E6D2362A8E974E00EC3365 /* MetalKit.framework in Frameworks */ = {isa = PBXBuildFile; fileRef = 55E6D2352A8E974E00EC3365 /* MetalKit.framework */; };
		55E6D2382A8E975600EC3365 /* QuartzCore.framework in Frameworks */ = {isa = PBXBuildFile; fileRef = 55E6D2372A8E975600EC3365 /* QuartzCore.framework */; };
		55E6D23A2A8E98B400EC3365 /* CoreGraphics.framework in Frameworks */ = {isa = PBXBuildFile; fileRef = 55E6D2392A8E98B400EC3365 /* CoreGraphics.framework */; };
		A0F8E863356F458CB203D6C0 /* main.cpp in Sources */ = {isa = PBXBuildFile; fileRef = B4C065DAF46B42EFBC2BD3FC /* main.cpp */; };
		B7D16DE6A5B14150AA5F2541 /* context.cpp in Sources */ = {isa = PBXBuildFile; fileRef = 303E1FA39F2F46EE9074E272 /* context.cpp */; };
		CB1516DC92674FF781E4CF82 /* application.cpp in Sources */ = {isa = PBXBuildFile; fileRef = 4CCD5598255C49EDA9FACBC0 /* application.cpp */; };
/* End PBXBuildFile section */

/* Begin PBXContainerItemProxy section */
		404C68F0FF414BEBB87EA180 /* PBXContainerItemProxy */ = {
			isa = PBXContainerItemProxy;
			containerPortal = F137F790206B479A97097678 /* Project object */;
			proxyType = 1;
			remoteGlobalIDString = DE2036D448DA42B38B8897C6;
			remoteInfo = Symbios;
		};
		7B8E1893FD32477396FA9A02 /* PBXContainerItemProxy */ = {
			isa = PBXContainerItemProxy;
			containerPortal = F137F790206B479A97097678 /* Project object */;
			proxyType = 1;
			remoteGlobalIDString = 8750AF4312314F7B837A3AE8;
			remoteInfo = ZERO_CHECK;
		};
		8A9C2EE743834151B16D44A6 /* PBXContainerItemProxy */ = {
			isa = PBXContainerItemProxy;
			containerPortal = F137F790206B479A97097678 /* Project object */;
			proxyType = 1;
			remoteGlobalIDString = 8750AF4312314F7B837A3AE8;
			remoteInfo = ZERO_CHECK;
		};
/* End PBXContainerItemProxy section */

/* Begin PBXFileReference section */
		303E1FA39F2F46EE9074E272 /* context.cpp */ = {isa = PBXFileReference; explicitFileType = sourcecode.cpp.cpp; fileEncoding = 4; name = context.cpp; path = src/core/context/context.cpp; sourceTree = SOURCE_ROOT; };
		4CCD5598255C49EDA9FACBC0 /* application.cpp */ = {isa = PBXFileReference; explicitFileType = sourcecode.cpp.cpp; fileEncoding = 4; name = application.cpp; path = src/core/application/application.cpp; sourceTree = SOURCE_ROOT; };
		55E6D2292A8E94B300EC3365 /* MoltenVK.xcframework */ = {isa = PBXFileReference; lastKnownFileType = wrapper.xcframework; name = MoltenVK.xcframework; path = ../../VulkanSDK/1.3.250.1/MoltenVK/MoltenVK.xcframework; sourceTree = "<group>"; };
		55E6D22B2A8E971400EC3365 /* IOSurface.framework */ = {isa = PBXFileReference; lastKnownFileType = wrapper.framework; name = IOSurface.framework; path = System/Library/Frameworks/IOSurface.framework; sourceTree = SDKROOT; };
		55E6D22D2A8E972000EC3365 /* Foundation.framework */ = {isa = PBXFileReference; lastKnownFileType = wrapper.framework; name = Foundation.framework; path = System/Library/Frameworks/Foundation.framework; sourceTree = SDKROOT; };
		55E6D22F2A8E972B00EC3365 /* Metal.framework */ = {isa = PBXFileReference; lastKnownFileType = wrapper.framework; name = Metal.framework; path = System/Library/Frameworks/Metal.framework; sourceTree = SDKROOT; };
		55E6D2312A8E973A00EC3365 /* IOKit.framework */ = {isa = PBXFileReference; lastKnownFileType = wrapper.framework; name = IOKit.framework; path = System/Library/Frameworks/IOKit.framework; sourceTree = SDKROOT; };
		55E6D2332A8E974300EC3365 /* UIKit.framework */ = {isa = PBXFileReference; lastKnownFileType = wrapper.framework; name = UIKit.framework; path = System/Library/Frameworks/UIKit.framework; sourceTree = SDKROOT; };
		55E6D2352A8E974E00EC3365 /* MetalKit.framework */ = {isa = PBXFileReference; lastKnownFileType = wrapper.framework; name = MetalKit.framework; path = System/Library/Frameworks/MetalKit.framework; sourceTree = SDKROOT; };
		55E6D2372A8E975600EC3365 /* QuartzCore.framework */ = {isa = PBXFileReference; lastKnownFileType = wrapper.framework; name = QuartzCore.framework; path = System/Library/Frameworks/QuartzCore.framework; sourceTree = SDKROOT; };
		55E6D2392A8E98B400EC3365 /* CoreGraphics.framework */ = {isa = PBXFileReference; lastKnownFileType = wrapper.framework; name = CoreGraphics.framework; path = System/Library/Frameworks/CoreGraphics.framework; sourceTree = SDKROOT; };
		5BB32AEBF9034D62B347AE71 /* CMakeLists.txt */ = {isa = PBXFileReference; explicitFileType = sourcecode.text; fileEncoding = 4; lastKnownFileType = text; path = CMakeLists.txt; sourceTree = SOURCE_ROOT; };
		5F849ED720694741BABF5262 /* Info.plist */ = {isa = PBXFileReference; explicitFileType = sourcecode.text.plist; fileEncoding = 4; lastKnownFileType = text.plist.xml; name = Info.plist; path = "build-iOS/CMakeFiles/Symbios.dir/Info.plist"; sourceTree = SOURCE_ROOT; };
		98C53D9421264E27B227ED61 /* Symbios.app */ = {isa = PBXFileReference; explicitFileType = wrapper.application; path = Symbios.app; sourceTree = BUILT_PRODUCTS_DIR; };
		B4C065DAF46B42EFBC2BD3FC /* main.cpp */ = {isa = PBXFileReference; explicitFileType = sourcecode.cpp.cpp; fileEncoding = 4; name = main.cpp; path = src/main.cpp; sourceTree = SOURCE_ROOT; };
		E489367F242F4EEDB122285C /* CMakeLists.txt */ = {isa = PBXFileReference; explicitFileType = sourcecode.text; fileEncoding = 4; lastKnownFileType = text; path = CMakeLists.txt; sourceTree = SOURCE_ROOT; };
/* End PBXFileReference section */

/* Begin PBXFrameworksBuildPhase section */
		CF1089703D824DEE8C55AC5D /* Frameworks */ = {
			isa = PBXFrameworksBuildPhase;
			buildActionMask = 2147483647;
			files = (
				55E6D23A2A8E98B400EC3365 /* CoreGraphics.framework in Frameworks */,
				55E6D2382A8E975600EC3365 /* QuartzCore.framework in Frameworks */,
				55E6D2362A8E974E00EC3365 /* MetalKit.framework in Frameworks */,
				55E6D2342A8E974300EC3365 /* UIKit.framework in Frameworks */,
				55E6D2322A8E973A00EC3365 /* IOKit.framework in Frameworks */,
				55E6D2302A8E972B00EC3365 /* Metal.framework in Frameworks */,
				55E6D22E2A8E972000EC3365 /* Foundation.framework in Frameworks */,
				55E6D22C2A8E971500EC3365 /* IOSurface.framework in Frameworks */,
				55E6D22A2A8E94B300EC3365 /* MoltenVK.xcframework in Frameworks */,
			);
			runOnlyForDeploymentPostprocessing = 0;
		};
/* End PBXFrameworksBuildPhase section */

/* Begin PBXGroup section */
		4B0D27AED5DE40A9A8BA0110 /* CMake Rules */ = {
			isa = PBXGroup;
			children = (
			);
			name = "CMake Rules";
			sourceTree = "<group>";
		};
		7F8A65EA22C64E4A9C3912B0 = {
			isa = PBXGroup;
			children = (
				944AF5E1F9A94E6DA2144699 /* Symbios */,
				EBFA2B5F74784A0AAF91DD9B /* ALL_BUILD */,
				A75AEACC506141819D7B5C34 /* Products */,
				87F1D893C4B9414EB78011D6 /* Frameworks */,
			);
			sourceTree = "<group>";
		};
		87F1D893C4B9414EB78011D6 /* Frameworks */ = {
			isa = PBXGroup;
			children = (
				55E6D2392A8E98B400EC3365 /* CoreGraphics.framework */,
				55E6D2372A8E975600EC3365 /* QuartzCore.framework */,
				55E6D2352A8E974E00EC3365 /* MetalKit.framework */,
				55E6D2332A8E974300EC3365 /* UIKit.framework */,
				55E6D2312A8E973A00EC3365 /* IOKit.framework */,
				55E6D22F2A8E972B00EC3365 /* Metal.framework */,
				55E6D22D2A8E972000EC3365 /* Foundation.framework */,
				55E6D22B2A8E971400EC3365 /* IOSurface.framework */,
				55E6D2292A8E94B300EC3365 /* MoltenVK.xcframework */,
			);
			name = Frameworks;
			sourceTree = "<group>";
		};
		944AF5E1F9A94E6DA2144699 /* Symbios */ = {
			isa = PBXGroup;
			children = (
				A4BA2BA6D02249F3A900A410 /* Source Files */,
				EC8D58AB775B46FCB82DE297 /* Resources */,
				5BB32AEBF9034D62B347AE71 /* CMakeLists.txt */,
			);
			name = Symbios;
			sourceTree = "<group>";
		};
		A4BA2BA6D02249F3A900A410 /* Source Files */ = {
			isa = PBXGroup;
			children = (
				4CCD5598255C49EDA9FACBC0 /* application.cpp */,
				303E1FA39F2F46EE9074E272 /* context.cpp */,
				B4C065DAF46B42EFBC2BD3FC /* main.cpp */,
			);
			name = "Source Files";
			sourceTree = "<group>";
		};
		A75AEACC506141819D7B5C34 /* Products */ = {
			isa = PBXGroup;
			children = (
				98C53D9421264E27B227ED61 /* Symbios.app */,
			);
			name = Products;
			sourceTree = "<group>";
		};
		EBFA2B5F74784A0AAF91DD9B /* ALL_BUILD */ = {
			isa = PBXGroup;
			children = (
				4B0D27AED5DE40A9A8BA0110 /* CMake Rules */,
				E489367F242F4EEDB122285C /* CMakeLists.txt */,
			);
			name = ALL_BUILD;
			sourceTree = "<group>";
		};
		EC8D58AB775B46FCB82DE297 /* Resources */ = {
			isa = PBXGroup;
			children = (
				5F849ED720694741BABF5262 /* Info.plist */,
			);
			name = Resources;
			sourceTree = "<group>";
		};
/* End PBXGroup section */

/* Begin PBXNativeTarget section */
		DE2036D448DA42B38B8897C6 /* Symbios */ = {
			isa = PBXNativeTarget;
			buildConfigurationList = B7DEFE41841B437E9FA72A33 /* Build configuration list for PBXNativeTarget "Symbios" */;
			buildPhases = (
				F359D6E630394EE08303ED10 /* Sources */,
				CF1089703D824DEE8C55AC5D /* Frameworks */,
			);
			buildRules = (
			);
			dependencies = (
				039A0785E4EF4EED80FF8342 /* PBXTargetDependency */,
			);
			name = Symbios;
			productName = Symbios;
			productReference = 98C53D9421264E27B227ED61 /* Symbios.app */;
			productType = "com.apple.product-type.application";
		};
/* End PBXNativeTarget section */

/* Begin PBXProject section */
		F137F790206B479A97097678 /* Project object */ = {
			isa = PBXProject;
			attributes = {
				LastUpgradeCheck = 1430;
			};
			buildConfigurationList = B4332A2155454E52820085EA /* Build configuration list for PBXProject "Symbios" */;
			compatibilityVersion = "Xcode 3.2";
			developmentRegion = en;
			hasScannedForEncodings = 0;
			knownRegions = (
				en,
				Base,
			);
			mainGroup = 7F8A65EA22C64E4A9C3912B0;
			projectDirPath = /Users/joakim/Desktop/Symbios;
			projectRoot = "";
			targets = (
				6DA54ADD52A344109FA6E40D /* ALL_BUILD */,
				DE2036D448DA42B38B8897C6 /* Symbios */,
				8750AF4312314F7B837A3AE8 /* ZERO_CHECK */,
			);
		};
/* End PBXProject section */

/* Begin PBXShellScriptBuildPhase section */
		73625854FFBF684F5EB78F42 /* Generate CMakeFiles/ALL_BUILD */ = {
			isa = PBXShellScriptBuildPhase;
			alwaysOutOfDate = 1;
			buildActionMask = 2147483647;
			files = (
			);
			inputPaths = (
			);
			name = "Generate CMakeFiles/ALL_BUILD";
			outputPaths = (
				"/Users/joakim/Desktop/Symbios/build-iOS/CMakeFiles/ALL_BUILD",
			);
			runOnlyForDeploymentPostprocessing = 0;
			shellPath = /bin/sh;
			shellScript = "set -e\nif test \"$CONFIGURATION\" = \"Debug\"; then :\n  cd /Users/joakim/Desktop/Symbios/build-iOS\n  echo Build\\ all\\ projects\nfi\nif test \"$CONFIGURATION\" = \"Release\"; then :\n  cd /Users/joakim/Desktop/Symbios/build-iOS\n  echo Build\\ all\\ projects\nfi\nif test \"$CONFIGURATION\" = \"MinSizeRel\"; then :\n  cd /Users/joakim/Desktop/Symbios/build-iOS\n  echo Build\\ all\\ projects\nfi\nif test \"$CONFIGURATION\" = \"RelWithDebInfo\"; then :\n  cd /Users/joakim/Desktop/Symbios/build-iOS\n  echo Build\\ all\\ projects\nfi\n";
			showEnvVarsInLog = 0;
		};
		7531CB75CE49F14786B51714 /* Generate CMakeFiles/ZERO_CHECK */ = {
			isa = PBXShellScriptBuildPhase;
			alwaysOutOfDate = 1;
			buildActionMask = 2147483647;
			files = (
			);
			inputPaths = (
			);
			name = "Generate CMakeFiles/ZERO_CHECK";
			outputPaths = (
				"/Users/joakim/Desktop/Symbios/build-iOS/CMakeFiles/ZERO_CHECK",
			);
			runOnlyForDeploymentPostprocessing = 0;
			shellPath = /bin/sh;
			shellScript = "set -e\nif test \"$CONFIGURATION\" = \"Debug\"; then :\n  cd /Users/joakim/Desktop/Symbios/build-iOS\n  make -f /Users/joakim/Desktop/Symbios/build-iOS/CMakeScripts/ReRunCMake.make\nfi\nif test \"$CONFIGURATION\" = \"Release\"; then :\n  cd /Users/joakim/Desktop/Symbios/build-iOS\n  make -f /Users/joakim/Desktop/Symbios/build-iOS/CMakeScripts/ReRunCMake.make\nfi\nif test \"$CONFIGURATION\" = \"MinSizeRel\"; then :\n  cd /Users/joakim/Desktop/Symbios/build-iOS\n  make -f /Users/joakim/Desktop/Symbios/build-iOS/CMakeScripts/ReRunCMake.make\nfi\nif test \"$CONFIGURATION\" = \"RelWithDebInfo\"; then :\n  cd /Users/joakim/Desktop/Symbios/build-iOS\n  make -f /Users/joakim/Desktop/Symbios/build-iOS/CMakeScripts/ReRunCMake.make\nfi\n";
			showEnvVarsInLog = 0;
		};
/* End PBXShellScriptBuildPhase section */

/* Begin PBXSourcesBuildPhase section */
		F359D6E630394EE08303ED10 /* Sources */ = {
			isa = PBXSourcesBuildPhase;
			buildActionMask = 2147483647;
			files = (
				CB1516DC92674FF781E4CF82 /* application.cpp in Sources */,
				B7D16DE6A5B14150AA5F2541 /* context.cpp in Sources */,
				A0F8E863356F458CB203D6C0 /* main.cpp in Sources */,
			);
			runOnlyForDeploymentPostprocessing = 0;
		};
/* End PBXSourcesBuildPhase section */

/* Begin PBXTargetDependency section */
		039A0785E4EF4EED80FF8342 /* PBXTargetDependency */ = {
			isa = PBXTargetDependency;
			target = 8750AF4312314F7B837A3AE8 /* ZERO_CHECK */;
			targetProxy = 7B8E1893FD32477396FA9A02 /* PBXContainerItemProxy */;
		};
		6CDF8BADD90F4C4D8D8A71F3 /* PBXTargetDependency */ = {
			isa = PBXTargetDependency;
			target = 8750AF4312314F7B837A3AE8 /* ZERO_CHECK */;
			targetProxy = 8A9C2EE743834151B16D44A6 /* PBXContainerItemProxy */;
		};
		8566AB7DCE3D4E099EC7288B /* PBXTargetDependency */ = {
			isa = PBXTargetDependency;
			target = DE2036D448DA42B38B8897C6 /* Symbios */;
			targetProxy = 404C68F0FF414BEBB87EA180 /* PBXContainerItemProxy */;
		};
/* End PBXTargetDependency section */

/* Begin XCBuildConfiguration section */
		0FAB74B30CB64ABC8E7DC9BC /* MinSizeRel */ = {
			isa = XCBuildConfiguration;
			buildSettings = {
				ARCHS = (
					arm64,
					x86_64,
				);
				CLANG_ENABLE_MODULES = YES;
				COMBINE_HIDPI_IMAGES = YES;
				EXECUTABLE_PREFIX = "";
				EXECUTABLE_SUFFIX = "";
				GCC_GENERATE_DEBUGGING_SYMBOLS = NO;
				GCC_INLINES_ARE_PRIVATE_EXTERN = NO;
				GCC_OPTIMIZATION_LEVEL = s;
				GCC_PREPROCESSOR_DEFINITIONS = (
					"'CMAKE_INTDIR=\"$(CONFIGURATION)$(EFFECTIVE_PLATFORM_NAME)\"'",
					"$(inherited)",
				);
				GCC_SYMBOLS_PRIVATE_EXTERN = NO;
				HEADER_SEARCH_PATHS = (
					/Users/joakim/Desktop/Symbios/src,
					/Users/joakim/Desktop/Symbios/src/core/application,
					/Users/joakim/Desktop/Symbios/src/core/context,
					"/Users/joakim/Desktop/Symbios/external/metal-cpp",
					/Users/joakim/Desktop/Symbios/external/plog/include,
					"$(inherited)",
					"\"$(SRCROOT)/../../VulkanSDK/1.3.250.1/MoltenVK/include\"",
				);
				INFOPLIST_FILE = "/Users/joakim/Desktop/Symbios/build-iOS/CMakeFiles/Symbios.dir/Info.plist";
				INSTALL_PATH = "";
				IPHONEOS_DEPLOYMENT_TARGET = 12.0;
				ONLY_ACTIVE_ARCH = NO;
				OTHER_CPLUSPLUSFLAGS = (
					"-DNDEBUG",
					"'-std=gnu++17'",
				);
				OTHER_LDFLAGS = (
					"-Wl,-search_paths_first",
					"-Wl,-headerpad_max_install_names",
					"$(inherited)",
				);
				OTHER_REZFLAGS = "";
				PRODUCT_NAME = Symbios;
				SECTORDER_FLAGS = "";
				SYMROOT = "/Users/joakim/Desktop/Symbios/build-iOS";
				USE_HEADERMAP = NO;
				WARNING_CFLAGS = "$(inherited)";
			};
			name = MinSizeRel;
		};
		2BC8C28FA00E43F89170767C /* MinSizeRel */ = {
			isa = XCBuildConfiguration;
			buildSettings = {
				COMBINE_HIDPI_IMAGES = YES;
				GCC_GENERATE_DEBUGGING_SYMBOLS = YES;
				GCC_INLINES_ARE_PRIVATE_EXTERN = NO;
				GCC_OPTIMIZATION_LEVEL = 0;
				GCC_PREPROCESSOR_DEFINITIONS = (
					"'CMAKE_INTDIR=\"$(CONFIGURATION)$(EFFECTIVE_PLATFORM_NAME)\"'",
					"$(inherited)",
				);
				GCC_SYMBOLS_PRIVATE_EXTERN = NO;
				INSTALL_PATH = "";
				OTHER_LDFLAGS = " $(inherited)";
				OTHER_REZFLAGS = "";
				PRODUCT_NAME = ZERO_CHECK;
				SECTORDER_FLAGS = "";
				SYMROOT = "/Users/joakim/Desktop/Symbios/build-iOS";
				USE_HEADERMAP = NO;
				WARNING_CFLAGS = "$(inherited)";
			};
			name = MinSizeRel;
		};
		3DB38DC0DF2748FBB6BC0138 /* Debug */ = {
			isa = XCBuildConfiguration;
			buildSettings = {
				COMBINE_HIDPI_IMAGES = YES;
				GCC_GENERATE_DEBUGGING_SYMBOLS = YES;
				GCC_INLINES_ARE_PRIVATE_EXTERN = NO;
				GCC_OPTIMIZATION_LEVEL = 0;
				GCC_PREPROCESSOR_DEFINITIONS = (
					"'CMAKE_INTDIR=\"$(CONFIGURATION)$(EFFECTIVE_PLATFORM_NAME)\"'",
					"$(inherited)",
				);
				GCC_SYMBOLS_PRIVATE_EXTERN = NO;
				INSTALL_PATH = "";
				OTHER_LDFLAGS = " $(inherited)";
				OTHER_REZFLAGS = "";
				PRODUCT_NAME = ALL_BUILD;
				SECTORDER_FLAGS = "";
				SYMROOT = "/Users/joakim/Desktop/Symbios/build-iOS";
				USE_HEADERMAP = NO;
				WARNING_CFLAGS = "$(inherited)";
			};
			name = Debug;
		};
		4327267CCA7F407B89FAB535 /* Release */ = {
			isa = XCBuildConfiguration;
			buildSettings = {
				COMBINE_HIDPI_IMAGES = YES;
				GCC_GENERATE_DEBUGGING_SYMBOLS = YES;
				GCC_INLINES_ARE_PRIVATE_EXTERN = NO;
				GCC_OPTIMIZATION_LEVEL = 0;
				GCC_PREPROCESSOR_DEFINITIONS = (
					"'CMAKE_INTDIR=\"$(CONFIGURATION)$(EFFECTIVE_PLATFORM_NAME)\"'",
					"$(inherited)",
				);
				GCC_SYMBOLS_PRIVATE_EXTERN = NO;
				INSTALL_PATH = "";
				OTHER_LDFLAGS = " $(inherited)";
				OTHER_REZFLAGS = "";
				PRODUCT_NAME = ALL_BUILD;
				SECTORDER_FLAGS = "";
				SYMROOT = "/Users/joakim/Desktop/Symbios/build-iOS";
				USE_HEADERMAP = NO;
				WARNING_CFLAGS = "$(inherited)";
			};
			name = Release;
		};
		5533D83B073E408E8CC60C69 /* RelWithDebInfo */ = {
			isa = XCBuildConfiguration;
			buildSettings = {
				ARCHS = (
					arm64,
					x86_64,
				);
				CLANG_ENABLE_MODULES = YES;
				COMBINE_HIDPI_IMAGES = YES;
				EXECUTABLE_PREFIX = "";
				EXECUTABLE_SUFFIX = "";
				GCC_GENERATE_DEBUGGING_SYMBOLS = YES;
				GCC_INLINES_ARE_PRIVATE_EXTERN = NO;
				GCC_OPTIMIZATION_LEVEL = 2;
				GCC_PREPROCESSOR_DEFINITIONS = (
					"'CMAKE_INTDIR=\"$(CONFIGURATION)$(EFFECTIVE_PLATFORM_NAME)\"'",
					"$(inherited)",
				);
				GCC_SYMBOLS_PRIVATE_EXTERN = NO;
				HEADER_SEARCH_PATHS = (
					/Users/joakim/Desktop/Symbios/src,
					/Users/joakim/Desktop/Symbios/src/core/application,
					/Users/joakim/Desktop/Symbios/src/core/context,
					"/Users/joakim/Desktop/Symbios/external/metal-cpp",
					/Users/joakim/Desktop/Symbios/external/plog/include,
					"$(inherited)",
					"\"$(SRCROOT)/../../VulkanSDK/1.3.250.1/MoltenVK/include\"",
				);
				INFOPLIST_FILE = "/Users/joakim/Desktop/Symbios/build-iOS/CMakeFiles/Symbios.dir/Info.plist";
				INSTALL_PATH = "";
				IPHONEOS_DEPLOYMENT_TARGET = 12.0;
				ONLY_ACTIVE_ARCH = NO;
				OTHER_CPLUSPLUSFLAGS = (
					"-DNDEBUG",
					"'-std=gnu++17'",
				);
				OTHER_LDFLAGS = (
					"-Wl,-search_paths_first",
					"-Wl,-headerpad_max_install_names",
					"$(inherited)",
				);
				OTHER_REZFLAGS = "";
				PRODUCT_NAME = Symbios;
				SECTORDER_FLAGS = "";
				SYMROOT = "/Users/joakim/Desktop/Symbios/build-iOS";
				USE_HEADERMAP = NO;
				WARNING_CFLAGS = "$(inherited)";
			};
			name = RelWithDebInfo;
		};
		6F2B5F7730A4408C83EA9580 /* Debug */ = {
			isa = XCBuildConfiguration;
			buildSettings = {
				ARCHS = (
					arm64,
					x86_64,
				);
				"ARCHS[sdk=iphoneos*]" = arm64;
				"ARCHS[sdk=iphonesimulator*]" = (
					x86_64,
					arm64,
				);
				CLANG_CXX_LIBRARY = "libc++";
				CLANG_ENABLE_OBJC_ARC = YES;
				CODE_SIGNING_REQUIRED = NO;
				ENABLE_BITCODE = NO;
				GCC_SYMBOLS_PRIVATE_EXTERN = YES;
				IPHONEOS_DEPLOYMENT_TARGET = 11.0;
				ONLY_ACTIVE_ARCH = NO;
				SDKROOT = iphoneos;
				SYMROOT = "/Users/joakim/Desktop/Symbios/build-iOS/build";
				"VALID_ARCHS[sdk=iphoneos*]" = arm64;
				"VALID_ARCHS[sdk=iphonesimulator*]" = "x86_64 arm64";
			};
			name = Debug;
		};
		77BD7EA0FA1E49058316FEBF /* RelWithDebInfo */ = {
			isa = XCBuildConfiguration;
			buildSettings = {
				COMBINE_HIDPI_IMAGES = YES;
				GCC_GENERATE_DEBUGGING_SYMBOLS = YES;
				GCC_INLINES_ARE_PRIVATE_EXTERN = NO;
				GCC_OPTIMIZATION_LEVEL = 0;
				GCC_PREPROCESSOR_DEFINITIONS = (
					"'CMAKE_INTDIR=\"$(CONFIGURATION)$(EFFECTIVE_PLATFORM_NAME)\"'",
					"$(inherited)",
				);
				GCC_SYMBOLS_PRIVATE_EXTERN = NO;
				INSTALL_PATH = "";
				OTHER_LDFLAGS = " $(inherited)";
				OTHER_REZFLAGS = "";
				PRODUCT_NAME = ZERO_CHECK;
				SECTORDER_FLAGS = "";
				SYMROOT = "/Users/joakim/Desktop/Symbios/build-iOS";
				USE_HEADERMAP = NO;
				WARNING_CFLAGS = "$(inherited)";
			};
			name = RelWithDebInfo;
		};
		8EAF5D2D7C7A4C0595632645 /* RelWithDebInfo */ = {
			isa = XCBuildConfiguration;
			buildSettings = {
				ARCHS = (
					arm64,
					x86_64,
				);
				"ARCHS[sdk=iphoneos*]" = arm64;
				"ARCHS[sdk=iphonesimulator*]" = (
					x86_64,
					arm64,
				);
				CLANG_CXX_LIBRARY = "libc++";
				CLANG_ENABLE_OBJC_ARC = YES;
				CODE_SIGNING_REQUIRED = NO;
				ENABLE_BITCODE = NO;
				GCC_SYMBOLS_PRIVATE_EXTERN = YES;
				IPHONEOS_DEPLOYMENT_TARGET = 11.0;
				ONLY_ACTIVE_ARCH = NO;
				SDKROOT = iphoneos;
				SYMROOT = "/Users/joakim/Desktop/Symbios/build-iOS/build";
				"VALID_ARCHS[sdk=iphoneos*]" = arm64;
				"VALID_ARCHS[sdk=iphonesimulator*]" = "x86_64 arm64";
			};
			name = RelWithDebInfo;
		};
		A3C4771CF078481EADEF2E69 /* MinSizeRel */ = {
			isa = XCBuildConfiguration;
			buildSettings = {
				COMBINE_HIDPI_IMAGES = YES;
				GCC_GENERATE_DEBUGGING_SYMBOLS = YES;
				GCC_INLINES_ARE_PRIVATE_EXTERN = NO;
				GCC_OPTIMIZATION_LEVEL = 0;
				GCC_PREPROCESSOR_DEFINITIONS = (
					"'CMAKE_INTDIR=\"$(CONFIGURATION)$(EFFECTIVE_PLATFORM_NAME)\"'",
					"$(inherited)",
				);
				GCC_SYMBOLS_PRIVATE_EXTERN = NO;
				INSTALL_PATH = "";
				OTHER_LDFLAGS = " $(inherited)";
				OTHER_REZFLAGS = "";
				PRODUCT_NAME = ALL_BUILD;
				SECTORDER_FLAGS = "";
				SYMROOT = "/Users/joakim/Desktop/Symbios/build-iOS";
				USE_HEADERMAP = NO;
				WARNING_CFLAGS = "$(inherited)";
			};
			name = MinSizeRel;
		};
		A8B300A1E81A4ADBAAC87A3C /* Debug */ = {
			isa = XCBuildConfiguration;
			buildSettings = {
				COMBINE_HIDPI_IMAGES = YES;
				GCC_GENERATE_DEBUGGING_SYMBOLS = YES;
				GCC_INLINES_ARE_PRIVATE_EXTERN = NO;
				GCC_OPTIMIZATION_LEVEL = 0;
				GCC_PREPROCESSOR_DEFINITIONS = (
					"'CMAKE_INTDIR=\"$(CONFIGURATION)$(EFFECTIVE_PLATFORM_NAME)\"'",
					"$(inherited)",
				);
				GCC_SYMBOLS_PRIVATE_EXTERN = NO;
				INSTALL_PATH = "";
				OTHER_LDFLAGS = " $(inherited)";
				OTHER_REZFLAGS = "";
				PRODUCT_NAME = ZERO_CHECK;
				SECTORDER_FLAGS = "";
				SYMROOT = "/Users/joakim/Desktop/Symbios/build-iOS";
				USE_HEADERMAP = NO;
				WARNING_CFLAGS = "$(inherited)";
			};
			name = Debug;
		};
		B15EEE5FBFF34016A184C1E3 /* Release */ = {
			isa = XCBuildConfiguration;
			buildSettings = {
				ARCHS = (
					arm64,
					x86_64,
				);
				"ARCHS[sdk=iphoneos*]" = arm64;
				"ARCHS[sdk=iphonesimulator*]" = (
					x86_64,
					arm64,
				);
				CLANG_CXX_LIBRARY = "libc++";
				CLANG_ENABLE_OBJC_ARC = YES;
				CODE_SIGNING_REQUIRED = NO;
				ENABLE_BITCODE = NO;
				GCC_SYMBOLS_PRIVATE_EXTERN = YES;
				IPHONEOS_DEPLOYMENT_TARGET = 11.0;
				ONLY_ACTIVE_ARCH = NO;
				SDKROOT = iphoneos;
				SYMROOT = "/Users/joakim/Desktop/Symbios/build-iOS/build";
				"VALID_ARCHS[sdk=iphoneos*]" = arm64;
				"VALID_ARCHS[sdk=iphonesimulator*]" = "x86_64 arm64";
			};
			name = Release;
		};
		C1300A2BF56C42209F1C4F9F /* Release */ = {
			isa = XCBuildConfiguration;
			buildSettings = {
				ARCHS = (
					arm64,
					x86_64,
				);
				CLANG_ENABLE_MODULES = YES;
				COMBINE_HIDPI_IMAGES = YES;
				EXECUTABLE_PREFIX = "";
				EXECUTABLE_SUFFIX = "";
				GCC_GENERATE_DEBUGGING_SYMBOLS = NO;
				GCC_INLINES_ARE_PRIVATE_EXTERN = NO;
				GCC_OPTIMIZATION_LEVEL = 3;
				GCC_PREPROCESSOR_DEFINITIONS = (
					"'CMAKE_INTDIR=\"$(CONFIGURATION)$(EFFECTIVE_PLATFORM_NAME)\"'",
					"$(inherited)",
				);
				GCC_SYMBOLS_PRIVATE_EXTERN = NO;
				HEADER_SEARCH_PATHS = (
					/Users/joakim/Desktop/Symbios/src,
					/Users/joakim/Desktop/Symbios/src/core/application,
					/Users/joakim/Desktop/Symbios/src/core/context,
					"/Users/joakim/Desktop/Symbios/external/metal-cpp",
					/Users/joakim/Desktop/Symbios/external/plog/include,
					"$(inherited)",
					"\"$(SRCROOT)/../../VulkanSDK/1.3.250.1/MoltenVK/include\"",
				);
				INFOPLIST_FILE = "/Users/joakim/Desktop/Symbios/build-iOS/CMakeFiles/Symbios.dir/Info.plist";
				INSTALL_PATH = "";
				IPHONEOS_DEPLOYMENT_TARGET = 12.0;
				ONLY_ACTIVE_ARCH = NO;
				OTHER_CPLUSPLUSFLAGS = (
					"-DNDEBUG",
					"'-std=gnu++17'",
				);
				OTHER_LDFLAGS = (
					"-Wl,-search_paths_first",
					"-Wl,-headerpad_max_install_names",
					"$(inherited)",
				);
				OTHER_REZFLAGS = "";
				PRODUCT_NAME = Symbios;
				SECTORDER_FLAGS = "";
				SYMROOT = "/Users/joakim/Desktop/Symbios/build-iOS";
				USE_HEADERMAP = NO;
				WARNING_CFLAGS = "$(inherited)";
			};
			name = Release;
		};
		C804216E860C444DAEEC62DC /* Debug */ = {
			isa = XCBuildConfiguration;
			buildSettings = {
				ARCHS = (
					arm64,
					x86_64,
				);
				CLANG_ENABLE_MODULES = YES;
				COMBINE_HIDPI_IMAGES = YES;
				EXECUTABLE_PREFIX = "";
				EXECUTABLE_SUFFIX = "";
				GCC_GENERATE_DEBUGGING_SYMBOLS = YES;
				GCC_INLINES_ARE_PRIVATE_EXTERN = NO;
				GCC_OPTIMIZATION_LEVEL = 0;
				GCC_PREPROCESSOR_DEFINITIONS = (
					"'CMAKE_INTDIR=\"$(CONFIGURATION)$(EFFECTIVE_PLATFORM_NAME)\"'",
					"$(inherited)",
				);
				GCC_SYMBOLS_PRIVATE_EXTERN = NO;
				HEADER_SEARCH_PATHS = (
					/Users/joakim/Desktop/Symbios/src,
					/Users/joakim/Desktop/Symbios/src/core/application,
					/Users/joakim/Desktop/Symbios/src/core/context,
					"/Users/joakim/Desktop/Symbios/external/metal-cpp",
					/Users/joakim/Desktop/Symbios/external/plog/include,
					"$(inherited)",
					"\"$(SRCROOT)/../../VulkanSDK/1.3.250.1/MoltenVK/include\"",
				);
				INFOPLIST_FILE = "/Users/joakim/Desktop/Symbios/build-iOS/CMakeFiles/Symbios.dir/Info.plist";
				INSTALL_PATH = "";
				IPHONEOS_DEPLOYMENT_TARGET = 12.0;
				ONLY_ACTIVE_ARCH = NO;
				OTHER_CPLUSPLUSFLAGS = "   '-std=gnu++17' ";
				OTHER_LDFLAGS = (
					"-Wl,-search_paths_first",
					"-Wl,-headerpad_max_install_names",
					"$(inherited)",
				);
				OTHER_REZFLAGS = "";
				PRODUCT_NAME = Symbios;
				SECTORDER_FLAGS = "";
				SYMROOT = "/Users/joakim/Desktop/Symbios/build-iOS";
				USE_HEADERMAP = NO;
				WARNING_CFLAGS = "$(inherited)";
			};
			name = Debug;
		};
		D57ED94B63BA4F07951871FE /* MinSizeRel */ = {
			isa = XCBuildConfiguration;
			buildSettings = {
				ARCHS = (
					arm64,
					x86_64,
				);
				"ARCHS[sdk=iphoneos*]" = arm64;
				"ARCHS[sdk=iphonesimulator*]" = (
					x86_64,
					arm64,
				);
				CLANG_CXX_LIBRARY = "libc++";
				CLANG_ENABLE_OBJC_ARC = YES;
				CODE_SIGNING_REQUIRED = NO;
				ENABLE_BITCODE = NO;
				GCC_SYMBOLS_PRIVATE_EXTERN = YES;
				IPHONEOS_DEPLOYMENT_TARGET = 11.0;
				ONLY_ACTIVE_ARCH = NO;
				SDKROOT = iphoneos;
				SYMROOT = "/Users/joakim/Desktop/Symbios/build-iOS/build";
				"VALID_ARCHS[sdk=iphoneos*]" = arm64;
				"VALID_ARCHS[sdk=iphonesimulator*]" = "x86_64 arm64";
			};
			name = MinSizeRel;
		};
		EBBC3B5CAD634F6AA5EA1217 /* Release */ = {
			isa = XCBuildConfiguration;
			buildSettings = {
				COMBINE_HIDPI_IMAGES = YES;
				GCC_GENERATE_DEBUGGING_SYMBOLS = YES;
				GCC_INLINES_ARE_PRIVATE_EXTERN = NO;
				GCC_OPTIMIZATION_LEVEL = 0;
				GCC_PREPROCESSOR_DEFINITIONS = (
					"'CMAKE_INTDIR=\"$(CONFIGURATION)$(EFFECTIVE_PLATFORM_NAME)\"'",
					"$(inherited)",
				);
				GCC_SYMBOLS_PRIVATE_EXTERN = NO;
				INSTALL_PATH = "";
				OTHER_LDFLAGS = " $(inherited)";
				OTHER_REZFLAGS = "";
				PRODUCT_NAME = ZERO_CHECK;
				SECTORDER_FLAGS = "";
				SYMROOT = "/Users/joakim/Desktop/Symbios/build-iOS";
				USE_HEADERMAP = NO;
				WARNING_CFLAGS = "$(inherited)";
			};
			name = Release;
		};
		F6C07CCFDB6A4091BB646BD8 /* RelWithDebInfo */ = {
			isa = XCBuildConfiguration;
			buildSettings = {
				COMBINE_HIDPI_IMAGES = YES;
				GCC_GENERATE_DEBUGGING_SYMBOLS = YES;
				GCC_INLINES_ARE_PRIVATE_EXTERN = NO;
				GCC_OPTIMIZATION_LEVEL = 0;
				GCC_PREPROCESSOR_DEFINITIONS = (
					"'CMAKE_INTDIR=\"$(CONFIGURATION)$(EFFECTIVE_PLATFORM_NAME)\"'",
					"$(inherited)",
				);
				GCC_SYMBOLS_PRIVATE_EXTERN = NO;
				INSTALL_PATH = "";
				OTHER_LDFLAGS = " $(inherited)";
				OTHER_REZFLAGS = "";
				PRODUCT_NAME = ALL_BUILD;
				SECTORDER_FLAGS = "";
				SYMROOT = "/Users/joakim/Desktop/Symbios/build-iOS";
				USE_HEADERMAP = NO;
				WARNING_CFLAGS = "$(inherited)";
			};
			name = RelWithDebInfo;
		};
/* End XCBuildConfiguration section */

/* Begin XCConfigurationList section */
		AF9155A32F9549A4A4F3A7B5 /* Build configuration list for PBXAggregateTarget "ZERO_CHECK" */ = {
			isa = XCConfigurationList;
			buildConfigurations = (
				A8B300A1E81A4ADBAAC87A3C /* Debug */,
				EBBC3B5CAD634F6AA5EA1217 /* Release */,
				2BC8C28FA00E43F89170767C /* MinSizeRel */,
				77BD7EA0FA1E49058316FEBF /* RelWithDebInfo */,
			);
			defaultConfigurationIsVisible = 0;
			defaultConfigurationName = Debug;
		};
		B4332A2155454E52820085EA /* Build configuration list for PBXProject "Symbios" */ = {
			isa = XCConfigurationList;
			buildConfigurations = (
				6F2B5F7730A4408C83EA9580 /* Debug */,
				B15EEE5FBFF34016A184C1E3 /* Release */,
				D57ED94B63BA4F07951871FE /* MinSizeRel */,
				8EAF5D2D7C7A4C0595632645 /* RelWithDebInfo */,
			);
			defaultConfigurationIsVisible = 0;
			defaultConfigurationName = Debug;
		};
		B7DEFE41841B437E9FA72A33 /* Build configuration list for PBXNativeTarget "Symbios" */ = {
			isa = XCConfigurationList;
			buildConfigurations = (
				C804216E860C444DAEEC62DC /* Debug */,
				C1300A2BF56C42209F1C4F9F /* Release */,
				0FAB74B30CB64ABC8E7DC9BC /* MinSizeRel */,
				5533D83B073E408E8CC60C69 /* RelWithDebInfo */,
			);
			defaultConfigurationIsVisible = 0;
			defaultConfigurationName = Debug;
		};
		FA05E5A017B2490DA4B0F0E5 /* Build configuration list for PBXAggregateTarget "ALL_BUILD" */ = {
			isa = XCConfigurationList;
			buildConfigurations = (
				3DB38DC0DF2748FBB6BC0138 /* Debug */,
				4327267CCA7F407B89FAB535 /* Release */,
				A3C4771CF078481EADEF2E69 /* MinSizeRel */,
				F6C07CCFDB6A4091BB646BD8 /* RelWithDebInfo */,
			);
			defaultConfigurationIsVisible = 0;
			defaultConfigurationName = Debug;
		};
/* End XCConfigurationList section */
	};
	rootObject = F137F790206B479A97097678 /* Project object */;
}
