// !$*UTF8*$!
{
	archiveVersion = 1;
	classes = {
	};
	objectVersion = 46;
	objects = {

/* Begin PBXAggregateTarget section */
		99DC675F488D4EB2AB3BB7B7 /* ZERO_CHECK */ = {
			isa = PBXAggregateTarget;
			buildConfigurationList = 4715AFE9C1414952845F0DAC /* Build configuration list for PBXAggregateTarget "ZERO_CHECK" */;
			buildPhases = (
				1102059AAB7C687CA3EC8AEA /* Generate CMakeFiles/ZERO_CHECK */,
			);
			dependencies = (
			);
			name = ZERO_CHECK;
			productName = ZERO_CHECK;
		};
		FE800F842EE648B3BE311B87 /* ALL_BUILD */ = {
			isa = PBXAggregateTarget;
			buildConfigurationList = 44336E7251014BE2B437E25F /* Build configuration list for PBXAggregateTarget "ALL_BUILD" */;
			buildPhases = (
				167C0E4FF741BFC434932B86 /* Generate CMakeFiles/ALL_BUILD */,
			);
			dependencies = (
				14AB9921CA38484DB6C8A399 /* PBXTargetDependency */,
				55FA1956AF9F424FA18613D2 /* PBXTargetDependency */,
			);
			name = ALL_BUILD;
			productName = ALL_BUILD;
		};
/* End PBXAggregateTarget section */

/* Begin PBXBuildFile section */
		1CF31399BD2149BAA513D704 /* /Users/joakimwennergren/Desktop/Symbios/src/core/application/application.cpp */ = {isa = PBXBuildFile; fileRef = 419C51D308A14004BE6BB76D /* /Users/joakimwennergren/Desktop/Symbios/src/core/application/application.cpp */; };
		2EBDC6A97AC24495AF089D3A /* /Users/joakimwennergren/Desktop/Symbios/iOS/CMakeFiles/Symbios.dir/Info.plist */ = {isa = PBXBuildFile; fileRef = A5188AA5AB18453EB2060D1A /* /Users/joakimwennergren/Desktop/Symbios/iOS/CMakeFiles/Symbios.dir/Info.plist */; };
		6F17AC4389F74165AB5C7195 /* /Users/joakimwennergren/Desktop/Symbios/src/core/context/context.cpp */ = {isa = PBXBuildFile; fileRef = 44ED5592C785494EBE39EC19 /* /Users/joakimwennergren/Desktop/Symbios/src/core/context/context.cpp */; };
		8324038418894B478DF2A255 /* /Users/joakimwennergren/Desktop/Symbios/src/main.cpp */ = {isa = PBXBuildFile; fileRef = D970AC044233436EB0BF43C3 /* /Users/joakimwennergren/Desktop/Symbios/src/main.cpp */; };
		DF8B8455A34A44388D1E988D /* /Users/joakimwennergren/Desktop/Symbios/CMakeLists.txt */ = {isa = PBXBuildFile; fileRef = 444B346DF636461CB5CF0334 /* /Users/joakimwennergren/Desktop/Symbios/CMakeLists.txt */; };
/* End PBXBuildFile section */

/* Begin PBXBuildStyle section */
		1A5B1287275E411083EF9FA2 /* RelWithDebInfo */ = {
			isa = PBXBuildStyle;
			buildSettings = {
				COPY_PHASE_STRIP = NO;
			};
			name = RelWithDebInfo;
		};
		BF0018CECB9F455B8D5D350E /* MinSizeRel */ = {
			isa = PBXBuildStyle;
			buildSettings = {
				COPY_PHASE_STRIP = NO;
			};
			name = MinSizeRel;
		};
		C6D11E72C3EF48A9B58DB2DE /* Debug */ = {
			isa = PBXBuildStyle;
			buildSettings = {
				COPY_PHASE_STRIP = NO;
			};
			name = Debug;
		};
		D3602E0770C34F659965C708 /* Release */ = {
			isa = PBXBuildStyle;
			buildSettings = {
				COPY_PHASE_STRIP = NO;
			};
			name = Release;
		};
/* End PBXBuildStyle section */

/* Begin PBXContainerItemProxy section */
		A0875B6F1A164E20AE374EB2 /* PBXContainerItemProxy */ = {
			isa = PBXContainerItemProxy;
			containerPortal = FC3E943CC8CE4871AECA9AAF /* Project object */;
			proxyType = 1;
			remoteGlobalIDString = EFDD2B5B940C49E69689DA82;
			remoteInfo = Symbios;
		};
		A446F437C6D146D9B3E02ADE /* PBXContainerItemProxy */ = {
			isa = PBXContainerItemProxy;
			containerPortal = FC3E943CC8CE4871AECA9AAF /* Project object */;
			proxyType = 1;
			remoteGlobalIDString = 99DC675F488D4EB2AB3BB7B7;
			remoteInfo = ZERO_CHECK;
		};
		CC819324EDFD4A8699FE33FD /* PBXContainerItemProxy */ = {
			isa = PBXContainerItemProxy;
			containerPortal = FC3E943CC8CE4871AECA9AAF /* Project object */;
			proxyType = 1;
			remoteGlobalIDString = 99DC675F488D4EB2AB3BB7B7;
			remoteInfo = ZERO_CHECK;
		};
/* End PBXContainerItemProxy section */

/* Begin PBXFileReference section */
		419C51D308A14004BE6BB76D /* /Users/joakimwennergren/Desktop/Symbios/src/core/application/application.cpp */ = {isa = PBXFileReference; explicitFileType = sourcecode.cpp.cpp; fileEncoding = 4; name = application.cpp; path = src/core/application/application.cpp; sourceTree = SOURCE_ROOT; };
		444B346DF636461CB5CF0334 /* /Users/joakimwennergren/Desktop/Symbios/CMakeLists.txt */ = {isa = PBXFileReference; explicitFileType = sourcecode.text; fileEncoding = 4; name = CMakeLists.txt; path = CMakeLists.txt; sourceTree = SOURCE_ROOT; };
		44ED5592C785494EBE39EC19 /* /Users/joakimwennergren/Desktop/Symbios/src/core/context/context.cpp */ = {isa = PBXFileReference; explicitFileType = sourcecode.cpp.cpp; fileEncoding = 4; name = context.cpp; path = src/core/context/context.cpp; sourceTree = SOURCE_ROOT; };
		A5188AA5AB18453EB2060D1A /* /Users/joakimwennergren/Desktop/Symbios/iOS/CMakeFiles/Symbios.dir/Info.plist */ = {isa = PBXFileReference; explicitFileType = sourcecode.text.plist; fileEncoding = 4; name = Info.plist; path = iOS/CMakeFiles/Symbios.dir/Info.plist; sourceTree = SOURCE_ROOT; };
		A7DE0D759F28460C926830A7 /* Symbios */ = {isa = PBXFileReference; explicitFileType = "compiled.mach-o.executable"; path = Symbios; sourceTree = BUILT_PRODUCTS_DIR; };
		BFE6AF00C0E04DC58DC578C6 /* /Users/joakimwennergren/Desktop/Symbios/CMakeLists.txt */ = {isa = PBXFileReference; explicitFileType = sourcecode.text; fileEncoding = 4; name = CMakeLists.txt; path = CMakeLists.txt; sourceTree = SOURCE_ROOT; };
		D970AC044233436EB0BF43C3 /* /Users/joakimwennergren/Desktop/Symbios/src/main.cpp */ = {isa = PBXFileReference; explicitFileType = sourcecode.cpp.cpp; fileEncoding = 4; name = main.cpp; path = src/main.cpp; sourceTree = SOURCE_ROOT; };
/* End PBXFileReference section */

/* Begin PBXFrameworksBuildPhase section */
		E00DBF9CF40942DA8F86C677 /* Frameworks */ = {
			isa = PBXFrameworksBuildPhase;
			buildActionMask = 2147483647;
			files = (
			);
			runOnlyForDeploymentPostprocessing = 0;
		};
/* End PBXFrameworksBuildPhase section */

/* Begin PBXGroup section */
		06E6B5C61B304BCB9103D9DF /* Frameworks */ = {
			isa = PBXGroup;
			children = (
			);
			name = Frameworks;
			sourceTree = "<group>";
		};
		1A4484F40C544DADBDCC7142 /* Symbios */ = {
			isa = PBXGroup;
			children = (
				DA8A082F6D064F50A0B4505F /* Source Files */,
				216B1D9FC54240E99DE1EF93 /* Resources */,
				444B346DF636461CB5CF0334 /* /Users/joakimwennergren/Desktop/Symbios/CMakeLists.txt */,
			);
			name = Symbios;
			sourceTree = "<group>";
		};
		216B1D9FC54240E99DE1EF93 /* Resources */ = {
			isa = PBXGroup;
			children = (
				A5188AA5AB18453EB2060D1A /* /Users/joakimwennergren/Desktop/Symbios/iOS/CMakeFiles/Symbios.dir/Info.plist */,
			);
			name = Resources;
			sourceTree = "<group>";
		};
		46E8FA3E6EAE41BFA21CDBFB = {
			isa = PBXGroup;
			children = (
				1A4484F40C544DADBDCC7142 /* Symbios */,
				4ACEC1FBD0714FC6A6293B2E /* ALL_BUILD */,
				71910E30DFF5490EB110F084 /* Products */,
				06E6B5C61B304BCB9103D9DF /* Frameworks */,
			);
			sourceTree = "<group>";
		};
		4ACEC1FBD0714FC6A6293B2E /* ALL_BUILD */ = {
			isa = PBXGroup;
			children = (
				7615BA3A5A254EAABC5B6B0F /* CMake Rules */,
				BFE6AF00C0E04DC58DC578C6 /* /Users/joakimwennergren/Desktop/Symbios/CMakeLists.txt */,
			);
			name = ALL_BUILD;
			sourceTree = "<group>";
		};
		71910E30DFF5490EB110F084 /* Products */ = {
			isa = PBXGroup;
			children = (
				A7DE0D759F28460C926830A7 /* Symbios */,
			);
			name = Products;
			sourceTree = "<group>";
		};
		7615BA3A5A254EAABC5B6B0F /* CMake Rules */ = {
			isa = PBXGroup;
			children = (
			);
			name = "CMake Rules";
			sourceTree = "<group>";
		};
		DA8A082F6D064F50A0B4505F /* Source Files */ = {
			isa = PBXGroup;
			children = (
				419C51D308A14004BE6BB76D /* /Users/joakimwennergren/Desktop/Symbios/src/core/application/application.cpp */,
				44ED5592C785494EBE39EC19 /* /Users/joakimwennergren/Desktop/Symbios/src/core/context/context.cpp */,
				D970AC044233436EB0BF43C3 /* /Users/joakimwennergren/Desktop/Symbios/src/main.cpp */,
			);
			name = "Source Files";
			sourceTree = "<group>";
		};
/* End PBXGroup section */

/* Begin PBXNativeTarget section */
		EFDD2B5B940C49E69689DA82 /* Symbios */ = {
			isa = PBXNativeTarget;
			buildConfigurationList = 611076A8755B4317AB49294A /* Build configuration list for PBXNativeTarget "Symbios" */;
			buildPhases = (
				F3A4BCC13E9D4D009AA36FD5 /* Sources */,
				E00DBF9CF40942DA8F86C677 /* Frameworks */,
			);
			buildRules = (
			);
			dependencies = (
				571B00A5F351477C88A20A28 /* PBXTargetDependency */,
			);
			name = Symbios;
			productName = Symbios;
			productReference = A7DE0D759F28460C926830A7 /* Symbios */;
			productType = "com.apple.product-type.application";
		};
/* End PBXNativeTarget section */

/* Begin PBXProject section */
		FC3E943CC8CE4871AECA9AAF /* Project object */ = {
			isa = PBXProject;
			attributes = {
				BuildIndependentTargetsInParallel = YES;
				LastUpgradeCheck = 1430;
			};
			buildConfigurationList = 934C1E1103A442BF85CD349A /* Build configuration list for PBXProject "Symbios" */;
			buildSettings = {
			};
			buildStyles = (
				C6D11E72C3EF48A9B58DB2DE /* Debug */,
				D3602E0770C34F659965C708 /* Release */,
				BF0018CECB9F455B8D5D350E /* MinSizeRel */,
				1A5B1287275E411083EF9FA2 /* RelWithDebInfo */,
			);
			compatibilityVersion = "Xcode 3.2";
			hasScannedForEncodings = 0;
			mainGroup = 46E8FA3E6EAE41BFA21CDBFB;
			projectDirPath = /Users/joakimwennergren/Desktop/Symbios;
			projectRoot = "";
			targets = (
				FE800F842EE648B3BE311B87 /* ALL_BUILD */,
				EFDD2B5B940C49E69689DA82 /* Symbios */,
				99DC675F488D4EB2AB3BB7B7 /* ZERO_CHECK */,
			);
		};
/* End PBXProject section */

/* Begin PBXShellScriptBuildPhase section */
		1102059AAB7C687CA3EC8AEA /* Generate CMakeFiles/ZERO_CHECK */ = {
			isa = PBXShellScriptBuildPhase;
			alwaysOutOfDate = 1;
			buildActionMask = 2147483647;
			files = (
			);
			inputPaths = (
			);
			name = "Generate CMakeFiles/ZERO_CHECK";
			outputPaths = (
/Users/joakimwennergren/Desktop/Symbios/iOS/CMakeFiles/ZERO_CHECK			);
			runOnlyForDeploymentPostprocessing = 0;
			shellPath = /bin/sh;
			shellScript = "set -e
if test \"$CONFIGURATION\" = \"Debug\"; then :
  cd /Users/joakimwennergren/Desktop/Symbios/iOS
  make -f /Users/joakimwennergren/Desktop/Symbios/iOS/CMakeScripts/ReRunCMake.make
fi
if test \"$CONFIGURATION\" = \"Release\"; then :
  cd /Users/joakimwennergren/Desktop/Symbios/iOS
  make -f /Users/joakimwennergren/Desktop/Symbios/iOS/CMakeScripts/ReRunCMake.make
fi
if test \"$CONFIGURATION\" = \"MinSizeRel\"; then :
  cd /Users/joakimwennergren/Desktop/Symbios/iOS
  make -f /Users/joakimwennergren/Desktop/Symbios/iOS/CMakeScripts/ReRunCMake.make
fi
if test \"$CONFIGURATION\" = \"RelWithDebInfo\"; then :
  cd /Users/joakimwennergren/Desktop/Symbios/iOS
  make -f /Users/joakimwennergren/Desktop/Symbios/iOS/CMakeScripts/ReRunCMake.make
fi
";
			showEnvVarsInLog = 0;
		};
		167C0E4FF741BFC434932B86 /* Generate CMakeFiles/ALL_BUILD */ = {
			isa = PBXShellScriptBuildPhase;
			alwaysOutOfDate = 1;
			buildActionMask = 2147483647;
			files = (
			);
			inputPaths = (
			);
			name = "Generate CMakeFiles/ALL_BUILD";
			outputPaths = (
/Users/joakimwennergren/Desktop/Symbios/iOS/CMakeFiles/ALL_BUILD			);
			runOnlyForDeploymentPostprocessing = 0;
			shellPath = /bin/sh;
			shellScript = "set -e
if test \"$CONFIGURATION\" = \"Debug\"; then :
  cd /Users/joakimwennergren/Desktop/Symbios/iOS
  echo Build\\ all\\ projects
fi
if test \"$CONFIGURATION\" = \"Release\"; then :
  cd /Users/joakimwennergren/Desktop/Symbios/iOS
  echo Build\\ all\\ projects
fi
if test \"$CONFIGURATION\" = \"MinSizeRel\"; then :
  cd /Users/joakimwennergren/Desktop/Symbios/iOS
  echo Build\\ all\\ projects
fi
if test \"$CONFIGURATION\" = \"RelWithDebInfo\"; then :
  cd /Users/joakimwennergren/Desktop/Symbios/iOS
  echo Build\\ all\\ projects
fi
";
			showEnvVarsInLog = 0;
		};
		3C0110FC8322DE7E50886E21 = {
			isa = PBXShellScriptBuildPhase;
			buildActionMask = 2147483647;
			files = (
			);
			inputPaths = (
			);
			outputPaths = (
			);
			runOnlyForDeploymentPostprocessing = 0;
			shellPath = /bin/sh;
			shellScript = "# shell script goes here
exit 0";
			showEnvVarsInLog = 0;
		};
		9B50530E35CC49C82C2FACCF = {
			isa = PBXShellScriptBuildPhase;
			buildActionMask = 2147483647;
			files = (
			);
			inputPaths = (
			);
			outputPaths = (
			);
			runOnlyForDeploymentPostprocessing = 0;
			shellPath = /bin/sh;
			shellScript = "# shell script goes here
exit 0";
			showEnvVarsInLog = 0;
		};
/* End PBXShellScriptBuildPhase section */

/* Begin PBXSourcesBuildPhase section */
		F3A4BCC13E9D4D009AA36FD5 /* Sources */ = {
			isa = PBXSourcesBuildPhase;
			buildActionMask = 2147483647;
			files = (
				1CF31399BD2149BAA513D704 /* /Users/joakimwennergren/Desktop/Symbios/src/core/application/application.cpp */,
				6F17AC4389F74165AB5C7195 /* /Users/joakimwennergren/Desktop/Symbios/src/core/context/context.cpp */,
				8324038418894B478DF2A255 /* /Users/joakimwennergren/Desktop/Symbios/src/main.cpp */,
			);
			runOnlyForDeploymentPostprocessing = 0;
		};
/* End PBXSourcesBuildPhase section */

/* Begin PBXTargetDependency section */
		14AB9921CA38484DB6C8A399 /* PBXTargetDependency */ = {
			isa = PBXTargetDependency;
			target = 99DC675F488D4EB2AB3BB7B7 /* ZERO_CHECK */;
			targetProxy = CC819324EDFD4A8699FE33FD /* PBXContainerItemProxy */;
		};
		55FA1956AF9F424FA18613D2 /* PBXTargetDependency */ = {
			isa = PBXTargetDependency;
			target = EFDD2B5B940C49E69689DA82 /* Symbios */;
			targetProxy = A0875B6F1A164E20AE374EB2 /* PBXContainerItemProxy */;
		};
		571B00A5F351477C88A20A28 /* PBXTargetDependency */ = {
			isa = PBXTargetDependency;
			target = 99DC675F488D4EB2AB3BB7B7 /* ZERO_CHECK */;
			targetProxy = A446F437C6D146D9B3E02ADE /* PBXContainerItemProxy */;
		};
/* End PBXTargetDependency section */

/* Begin XCBuildConfiguration section */
		351AF1B461204152B616C317 /* Release */ = {
			isa = XCBuildConfiguration;
			buildSettings = {
				COMBINE_HIDPI_IMAGES = YES;
				GCC_GENERATE_DEBUGGING_SYMBOLS = YES;
				GCC_INLINES_ARE_PRIVATE_EXTERN = NO;
				GCC_OPTIMIZATION_LEVEL = 0;
				GCC_PREPROCESSOR_DEFINITIONS = ("'CMAKE_INTDIR=\"$(CONFIGURATION)$(EFFECTIVE_PLATFORM_NAME)\"'","$(inherited)");
				GCC_SYMBOLS_PRIVATE_EXTERN = NO;
				INSTALL_PATH = "";
				OTHER_LDFLAGS = ("","$(inherited)");
				OTHER_REZFLAGS = "";
				PRODUCT_NAME = ZERO_CHECK;
				SECTORDER_FLAGS = "";
				USE_HEADERMAP = NO;
				WARNING_CFLAGS = ("$(inherited)");
			};
			name = Release;
		};
		4D111471F8A24EFF8494A9AD /* Debug */ = {
			isa = XCBuildConfiguration;
			buildSettings = {
				ARCHS = arm64;
				COMBINE_HIDPI_IMAGES = YES;
				CONFIGURATION_BUILD_DIR = "/Users/joakimwennergren/Desktop/Symbios/iOS/Debug${EFFECTIVE_PLATFORM_NAME}";
				EXECUTABLE_PREFIX = "";
				EXECUTABLE_SUFFIX = "";
				GCC_GENERATE_DEBUGGING_SYMBOLS = YES;
				GCC_INLINES_ARE_PRIVATE_EXTERN = NO;
				GCC_OPTIMIZATION_LEVEL = 0;
				GCC_PREPROCESSOR_DEFINITIONS = ("'CMAKE_INTDIR=\"$(CONFIGURATION)$(EFFECTIVE_PLATFORM_NAME)\"'","$(inherited)");
				GCC_SYMBOLS_PRIVATE_EXTERN = NO;
				HEADER_SEARCH_PATHS = (/Users/joakimwennergren/Desktop/Symbios/src,/Users/joakimwennergren/Desktop/Symbios/src/core/application,/Users/joakimwennergren/Desktop/Symbios/src/core/context,"/Users/joakimwennergren/Desktop/Symbios/external/metal-cpp",/Users/joakimwennergren/Desktop/Symbios/external/plog/include,"$(inherited)");
				INFOPLIST_FILE = /Users/joakimwennergren/Desktop/Symbios/iOS/CMakeFiles/Symbios.dir/Info.plist;
				INSTALL_PATH = "";
				ONLY_ACTIVE_ARCH = NO;
				OTHER_CPLUSPLUSFLAGS = "   '-std=gnu++17' ";
				OTHER_LDFLAGS = (" -Wl,-search_paths_first -Wl,-headerpad_max_install_names","$(inherited)");
				OTHER_REZFLAGS = "";
				PRODUCT_NAME = Symbios;
				SECTORDER_FLAGS = "";
				TARGET_TEMP_DIR = "/Users/joakimwennergren/Desktop/Symbios/iOS/build/Symbios.build/$(CONFIGURATION)$(EFFECTIVE_PLATFORM_NAME)";
				USE_HEADERMAP = NO;
				WARNING_CFLAGS = ("$(inherited)");
			};
			name = Debug;
		};
		4DF15ED37CF645D591E0DF95 /* Release */ = {
			isa = XCBuildConfiguration;
			buildSettings = {
				ARCHS = arm64;
				"ARCHS[sdk=iphoneos*]" = arm64;
				CLANG_CXX_LIBRARY = "libc++";
				CLANG_ENABLE_OBJC_ARC = YES;
				CODE_SIGNING_REQUIRED = NO;
				ENABLE_BITCODE = NO;
				GCC_SYMBOLS_PRIVATE_EXTERN = YES;
				IPHONEOS_DEPLOYMENT_TARGET = 11.0;
				SDKROOT = /Applications/Xcode.app/Contents/Developer/Platforms/iPhoneOS.platform/Developer/SDKs/iPhoneOS16.4.sdk;
				SYMROOT = /Users/joakimwennergren/Desktop/Symbios/iOS/build;
				"VALID_ARCHS[sdk=iphoneos*]" = arm64;
			};
			name = Release;
		};
		51D50330FE38406CB2C41978 /* MinSizeRel */ = {
			isa = XCBuildConfiguration;
			buildSettings = {
				ARCHS = arm64;
				"ARCHS[sdk=iphoneos*]" = arm64;
				CLANG_CXX_LIBRARY = "libc++";
				CLANG_ENABLE_OBJC_ARC = YES;
				CODE_SIGNING_REQUIRED = NO;
				ENABLE_BITCODE = NO;
				GCC_SYMBOLS_PRIVATE_EXTERN = YES;
				IPHONEOS_DEPLOYMENT_TARGET = 11.0;
				SDKROOT = /Applications/Xcode.app/Contents/Developer/Platforms/iPhoneOS.platform/Developer/SDKs/iPhoneOS16.4.sdk;
				SYMROOT = /Users/joakimwennergren/Desktop/Symbios/iOS/build;
				"VALID_ARCHS[sdk=iphoneos*]" = arm64;
			};
			name = MinSizeRel;
		};
		5BBA2794D3FE4B538540433F /* RelWithDebInfo */ = {
			isa = XCBuildConfiguration;
			buildSettings = {
				COMBINE_HIDPI_IMAGES = YES;
				GCC_GENERATE_DEBUGGING_SYMBOLS = YES;
				GCC_INLINES_ARE_PRIVATE_EXTERN = NO;
				GCC_OPTIMIZATION_LEVEL = 0;
				GCC_PREPROCESSOR_DEFINITIONS = ("'CMAKE_INTDIR=\"$(CONFIGURATION)$(EFFECTIVE_PLATFORM_NAME)\"'","$(inherited)");
				GCC_SYMBOLS_PRIVATE_EXTERN = NO;
				INSTALL_PATH = "";
				OTHER_LDFLAGS = ("","$(inherited)");
				OTHER_REZFLAGS = "";
				PRODUCT_NAME = ZERO_CHECK;
				SECTORDER_FLAGS = "";
				USE_HEADERMAP = NO;
				WARNING_CFLAGS = ("$(inherited)");
			};
			name = RelWithDebInfo;
		};
		7234635F0F2140FC9AE9BB55 /* MinSizeRel */ = {
			isa = XCBuildConfiguration;
			buildSettings = {
				ARCHS = arm64;
				COMBINE_HIDPI_IMAGES = YES;
				CONFIGURATION_BUILD_DIR = "/Users/joakimwennergren/Desktop/Symbios/iOS/MinSizeRel${EFFECTIVE_PLATFORM_NAME}";
				EXECUTABLE_PREFIX = "";
				EXECUTABLE_SUFFIX = "";
				GCC_GENERATE_DEBUGGING_SYMBOLS = NO;
				GCC_INLINES_ARE_PRIVATE_EXTERN = NO;
				GCC_OPTIMIZATION_LEVEL = s;
				GCC_PREPROCESSOR_DEFINITIONS = ("'CMAKE_INTDIR=\"$(CONFIGURATION)$(EFFECTIVE_PLATFORM_NAME)\"'","$(inherited)");
				GCC_SYMBOLS_PRIVATE_EXTERN = NO;
				HEADER_SEARCH_PATHS = (/Users/joakimwennergren/Desktop/Symbios/src,/Users/joakimwennergren/Desktop/Symbios/src/core/application,/Users/joakimwennergren/Desktop/Symbios/src/core/context,"/Users/joakimwennergren/Desktop/Symbios/external/metal-cpp",/Users/joakimwennergren/Desktop/Symbios/external/plog/include,"$(inherited)");
				INFOPLIST_FILE = /Users/joakimwennergren/Desktop/Symbios/iOS/CMakeFiles/Symbios.dir/Info.plist;
				INSTALL_PATH = "";
				ONLY_ACTIVE_ARCH = NO;
				OTHER_CPLUSPLUSFLAGS = "    -DNDEBUG '-std=gnu++17' ";
				OTHER_LDFLAGS = (" -Wl,-search_paths_first -Wl,-headerpad_max_install_names","$(inherited)");
				OTHER_REZFLAGS = "";
				PRODUCT_NAME = Symbios;
				SECTORDER_FLAGS = "";
				TARGET_TEMP_DIR = "/Users/joakimwennergren/Desktop/Symbios/iOS/build/Symbios.build/$(CONFIGURATION)$(EFFECTIVE_PLATFORM_NAME)";
				USE_HEADERMAP = NO;
				WARNING_CFLAGS = ("$(inherited)");
			};
			name = MinSizeRel;
		};
		72D68A33F4BB45BE9BB5B941 /* Release */ = {
			isa = XCBuildConfiguration;
			buildSettings = {
				ARCHS = arm64;
				COMBINE_HIDPI_IMAGES = YES;
				CONFIGURATION_BUILD_DIR = "/Users/joakimwennergren/Desktop/Symbios/iOS/Release${EFFECTIVE_PLATFORM_NAME}";
				EXECUTABLE_PREFIX = "";
				EXECUTABLE_SUFFIX = "";
				GCC_GENERATE_DEBUGGING_SYMBOLS = NO;
				GCC_INLINES_ARE_PRIVATE_EXTERN = NO;
				GCC_OPTIMIZATION_LEVEL = 3;
				GCC_PREPROCESSOR_DEFINITIONS = ("'CMAKE_INTDIR=\"$(CONFIGURATION)$(EFFECTIVE_PLATFORM_NAME)\"'","$(inherited)");
				GCC_SYMBOLS_PRIVATE_EXTERN = NO;
				HEADER_SEARCH_PATHS = (/Users/joakimwennergren/Desktop/Symbios/src,/Users/joakimwennergren/Desktop/Symbios/src/core/application,/Users/joakimwennergren/Desktop/Symbios/src/core/context,"/Users/joakimwennergren/Desktop/Symbios/external/metal-cpp",/Users/joakimwennergren/Desktop/Symbios/external/plog/include,"$(inherited)");
				INFOPLIST_FILE = /Users/joakimwennergren/Desktop/Symbios/iOS/CMakeFiles/Symbios.dir/Info.plist;
				INSTALL_PATH = "";
				ONLY_ACTIVE_ARCH = NO;
				OTHER_CPLUSPLUSFLAGS = "    -DNDEBUG '-std=gnu++17' ";
				OTHER_LDFLAGS = (" -Wl,-search_paths_first -Wl,-headerpad_max_install_names","$(inherited)");
				OTHER_REZFLAGS = "";
				PRODUCT_NAME = Symbios;
				SECTORDER_FLAGS = "";
				TARGET_TEMP_DIR = "/Users/joakimwennergren/Desktop/Symbios/iOS/build/Symbios.build/$(CONFIGURATION)$(EFFECTIVE_PLATFORM_NAME)";
				USE_HEADERMAP = NO;
				WARNING_CFLAGS = ("$(inherited)");
			};
			name = Release;
		};
		7DAA7AB4882F4AA499CCEA9D /* RelWithDebInfo */ = {
			isa = XCBuildConfiguration;
			buildSettings = {
				COMBINE_HIDPI_IMAGES = YES;
				GCC_GENERATE_DEBUGGING_SYMBOLS = YES;
				GCC_INLINES_ARE_PRIVATE_EXTERN = NO;
				GCC_OPTIMIZATION_LEVEL = 0;
				GCC_PREPROCESSOR_DEFINITIONS = ("'CMAKE_INTDIR=\"$(CONFIGURATION)$(EFFECTIVE_PLATFORM_NAME)\"'","$(inherited)");
				GCC_SYMBOLS_PRIVATE_EXTERN = NO;
				INSTALL_PATH = "";
				OTHER_LDFLAGS = ("","$(inherited)");
				OTHER_REZFLAGS = "";
				PRODUCT_NAME = ALL_BUILD;
				SECTORDER_FLAGS = "";
				USE_HEADERMAP = NO;
				WARNING_CFLAGS = ("$(inherited)");
			};
			name = RelWithDebInfo;
		};
		89073297E22F47BD96C0FCDA /* Debug */ = {
			isa = XCBuildConfiguration;
			buildSettings = {
				ARCHS = arm64;
				"ARCHS[sdk=iphoneos*]" = arm64;
				CLANG_CXX_LIBRARY = "libc++";
				CLANG_ENABLE_OBJC_ARC = YES;
				CODE_SIGNING_REQUIRED = NO;
				ENABLE_BITCODE = NO;
				GCC_SYMBOLS_PRIVATE_EXTERN = YES;
				IPHONEOS_DEPLOYMENT_TARGET = 11.0;
				SDKROOT = /Applications/Xcode.app/Contents/Developer/Platforms/iPhoneOS.platform/Developer/SDKs/iPhoneOS16.4.sdk;
				SYMROOT = /Users/joakimwennergren/Desktop/Symbios/iOS/build;
				"VALID_ARCHS[sdk=iphoneos*]" = arm64;
			};
			name = Debug;
		};
		8F8E5B86BF854EB5AF358C49 /* Debug */ = {
			isa = XCBuildConfiguration;
			buildSettings = {
				COMBINE_HIDPI_IMAGES = YES;
				GCC_GENERATE_DEBUGGING_SYMBOLS = YES;
				GCC_INLINES_ARE_PRIVATE_EXTERN = NO;
				GCC_OPTIMIZATION_LEVEL = 0;
				GCC_PREPROCESSOR_DEFINITIONS = ("'CMAKE_INTDIR=\"$(CONFIGURATION)$(EFFECTIVE_PLATFORM_NAME)\"'","$(inherited)");
				GCC_SYMBOLS_PRIVATE_EXTERN = NO;
				INSTALL_PATH = "";
				OTHER_LDFLAGS = ("","$(inherited)");
				OTHER_REZFLAGS = "";
				PRODUCT_NAME = ZERO_CHECK;
				SECTORDER_FLAGS = "";
				USE_HEADERMAP = NO;
				WARNING_CFLAGS = ("$(inherited)");
			};
			name = Debug;
		};
		BC3894886D804989A1005A6F /* RelWithDebInfo */ = {
			isa = XCBuildConfiguration;
			buildSettings = {
				ARCHS = arm64;
				"ARCHS[sdk=iphoneos*]" = arm64;
				CLANG_CXX_LIBRARY = "libc++";
				CLANG_ENABLE_OBJC_ARC = YES;
				CODE_SIGNING_REQUIRED = NO;
				ENABLE_BITCODE = NO;
				GCC_SYMBOLS_PRIVATE_EXTERN = YES;
				IPHONEOS_DEPLOYMENT_TARGET = 11.0;
				SDKROOT = /Applications/Xcode.app/Contents/Developer/Platforms/iPhoneOS.platform/Developer/SDKs/iPhoneOS16.4.sdk;
				SYMROOT = /Users/joakimwennergren/Desktop/Symbios/iOS/build;
				"VALID_ARCHS[sdk=iphoneos*]" = arm64;
			};
			name = RelWithDebInfo;
		};
		CB8BCBDF8B64466F8FD8D87E /* Debug */ = {
			isa = XCBuildConfiguration;
			buildSettings = {
				COMBINE_HIDPI_IMAGES = YES;
				GCC_GENERATE_DEBUGGING_SYMBOLS = YES;
				GCC_INLINES_ARE_PRIVATE_EXTERN = NO;
				GCC_OPTIMIZATION_LEVEL = 0;
				GCC_PREPROCESSOR_DEFINITIONS = ("'CMAKE_INTDIR=\"$(CONFIGURATION)$(EFFECTIVE_PLATFORM_NAME)\"'","$(inherited)");
				GCC_SYMBOLS_PRIVATE_EXTERN = NO;
				INSTALL_PATH = "";
				OTHER_LDFLAGS = ("","$(inherited)");
				OTHER_REZFLAGS = "";
				PRODUCT_NAME = ALL_BUILD;
				SECTORDER_FLAGS = "";
				USE_HEADERMAP = NO;
				WARNING_CFLAGS = ("$(inherited)");
			};
			name = Debug;
		};
		D6773852CD874FA59EDB11B9 /* MinSizeRel */ = {
			isa = XCBuildConfiguration;
			buildSettings = {
				COMBINE_HIDPI_IMAGES = YES;
				GCC_GENERATE_DEBUGGING_SYMBOLS = YES;
				GCC_INLINES_ARE_PRIVATE_EXTERN = NO;
				GCC_OPTIMIZATION_LEVEL = 0;
				GCC_PREPROCESSOR_DEFINITIONS = ("'CMAKE_INTDIR=\"$(CONFIGURATION)$(EFFECTIVE_PLATFORM_NAME)\"'","$(inherited)");
				GCC_SYMBOLS_PRIVATE_EXTERN = NO;
				INSTALL_PATH = "";
				OTHER_LDFLAGS = ("","$(inherited)");
				OTHER_REZFLAGS = "";
				PRODUCT_NAME = ZERO_CHECK;
				SECTORDER_FLAGS = "";
				USE_HEADERMAP = NO;
				WARNING_CFLAGS = ("$(inherited)");
			};
			name = MinSizeRel;
		};
		EF90E23D13A24DCC9D32687D /* RelWithDebInfo */ = {
			isa = XCBuildConfiguration;
			buildSettings = {
				ARCHS = arm64;
				COMBINE_HIDPI_IMAGES = YES;
				CONFIGURATION_BUILD_DIR = "/Users/joakimwennergren/Desktop/Symbios/iOS/RelWithDebInfo${EFFECTIVE_PLATFORM_NAME}";
				EXECUTABLE_PREFIX = "";
				EXECUTABLE_SUFFIX = "";
				GCC_GENERATE_DEBUGGING_SYMBOLS = YES;
				GCC_INLINES_ARE_PRIVATE_EXTERN = NO;
				GCC_OPTIMIZATION_LEVEL = 2;
				GCC_PREPROCESSOR_DEFINITIONS = ("'CMAKE_INTDIR=\"$(CONFIGURATION)$(EFFECTIVE_PLATFORM_NAME)\"'","$(inherited)");
				GCC_SYMBOLS_PRIVATE_EXTERN = NO;
				HEADER_SEARCH_PATHS = (/Users/joakimwennergren/Desktop/Symbios/src,/Users/joakimwennergren/Desktop/Symbios/src/core/application,/Users/joakimwennergren/Desktop/Symbios/src/core/context,"/Users/joakimwennergren/Desktop/Symbios/external/metal-cpp",/Users/joakimwennergren/Desktop/Symbios/external/plog/include,"$(inherited)");
				INFOPLIST_FILE = /Users/joakimwennergren/Desktop/Symbios/iOS/CMakeFiles/Symbios.dir/Info.plist;
				INSTALL_PATH = "";
				ONLY_ACTIVE_ARCH = NO;
				OTHER_CPLUSPLUSFLAGS = "       -DNDEBUG '-std=gnu++17' ";
				OTHER_LDFLAGS = (" -Wl,-search_paths_first -Wl,-headerpad_max_install_names","$(inherited)");
				OTHER_REZFLAGS = "";
				PRODUCT_NAME = Symbios;
				SECTORDER_FLAGS = "";
				TARGET_TEMP_DIR = "/Users/joakimwennergren/Desktop/Symbios/iOS/build/Symbios.build/$(CONFIGURATION)$(EFFECTIVE_PLATFORM_NAME)";
				USE_HEADERMAP = NO;
				WARNING_CFLAGS = ("$(inherited)");
			};
			name = RelWithDebInfo;
		};
		FFCCEB1B60924D188AF3D503 /* Release */ = {
			isa = XCBuildConfiguration;
			buildSettings = {
				COMBINE_HIDPI_IMAGES = YES;
				GCC_GENERATE_DEBUGGING_SYMBOLS = YES;
				GCC_INLINES_ARE_PRIVATE_EXTERN = NO;
				GCC_OPTIMIZATION_LEVEL = 0;
				GCC_PREPROCESSOR_DEFINITIONS = ("'CMAKE_INTDIR=\"$(CONFIGURATION)$(EFFECTIVE_PLATFORM_NAME)\"'","$(inherited)");
				GCC_SYMBOLS_PRIVATE_EXTERN = NO;
				INSTALL_PATH = "";
				OTHER_LDFLAGS = ("","$(inherited)");
				OTHER_REZFLAGS = "";
				PRODUCT_NAME = ALL_BUILD;
				SECTORDER_FLAGS = "";
				USE_HEADERMAP = NO;
				WARNING_CFLAGS = ("$(inherited)");
			};
			name = Release;
		};
		FFDAC6F2C0D549B79556EDE1 /* MinSizeRel */ = {
			isa = XCBuildConfiguration;
			buildSettings = {
				COMBINE_HIDPI_IMAGES = YES;
				GCC_GENERATE_DEBUGGING_SYMBOLS = YES;
				GCC_INLINES_ARE_PRIVATE_EXTERN = NO;
				GCC_OPTIMIZATION_LEVEL = 0;
				GCC_PREPROCESSOR_DEFINITIONS = ("'CMAKE_INTDIR=\"$(CONFIGURATION)$(EFFECTIVE_PLATFORM_NAME)\"'","$(inherited)");
				GCC_SYMBOLS_PRIVATE_EXTERN = NO;
				INSTALL_PATH = "";
				OTHER_LDFLAGS = ("","$(inherited)");
				OTHER_REZFLAGS = "";
				PRODUCT_NAME = ALL_BUILD;
				SECTORDER_FLAGS = "";
				USE_HEADERMAP = NO;
				WARNING_CFLAGS = ("$(inherited)");
			};
			name = MinSizeRel;
		};
/* End XCBuildConfiguration section */

/* Begin XCConfigurationList section */
		44336E7251014BE2B437E25F /* Build configuration list for PBXAggregateTarget "ALL_BUILD" */ = {
			isa = XCConfigurationList;
			buildConfigurations = (
				CB8BCBDF8B64466F8FD8D87E /* Debug */,
				FFCCEB1B60924D188AF3D503 /* Release */,
				FFDAC6F2C0D549B79556EDE1 /* MinSizeRel */,
				7DAA7AB4882F4AA499CCEA9D /* RelWithDebInfo */,
			);
			defaultConfigurationIsVisible = 0;
			defaultConfigurationName = Debug;
		};
		4715AFE9C1414952845F0DAC /* Build configuration list for PBXAggregateTarget "ZERO_CHECK" */ = {
			isa = XCConfigurationList;
			buildConfigurations = (
				8F8E5B86BF854EB5AF358C49 /* Debug */,
				351AF1B461204152B616C317 /* Release */,
				D6773852CD874FA59EDB11B9 /* MinSizeRel */,
				5BBA2794D3FE4B538540433F /* RelWithDebInfo */,
			);
			defaultConfigurationIsVisible = 0;
			defaultConfigurationName = Debug;
		};
		611076A8755B4317AB49294A /* Build configuration list for PBXNativeTarget "Symbios" */ = {
			isa = XCConfigurationList;
			buildConfigurations = (
				4D111471F8A24EFF8494A9AD /* Debug */,
				72D68A33F4BB45BE9BB5B941 /* Release */,
				7234635F0F2140FC9AE9BB55 /* MinSizeRel */,
				EF90E23D13A24DCC9D32687D /* RelWithDebInfo */,
			);
			defaultConfigurationIsVisible = 0;
			defaultConfigurationName = Debug;
		};
		934C1E1103A442BF85CD349A /* Build configuration list for PBXProject "Symbios" */ = {
			isa = XCConfigurationList;
			buildConfigurations = (
				89073297E22F47BD96C0FCDA /* Debug */,
				4DF15ED37CF645D591E0DF95 /* Release */,
				51D50330FE38406CB2C41978 /* MinSizeRel */,
				BC3894886D804989A1005A6F /* RelWithDebInfo */,
			);
			defaultConfigurationIsVisible = 0;
			defaultConfigurationName = Debug;
		};
/* End XCConfigurationList section */
	};
	rootObject = FC3E943CC8CE4871AECA9AAF /* Project object */;
}
