// !$*UTF8*$!
{
	archiveVersion = 1;
	classes = {
	};
	objectVersion = 54;
	objects = {

/* Begin PBXAggregateTarget section */
		710543B3D866428F99149E89 /* ALL_BUILD */ = {
			isa = PBXAggregateTarget;
			buildConfigurationList = 1649ACD187D2421C8EE5F820 /* Build configuration list for PBXAggregateTarget "ALL_BUILD" */;
			buildPhases = (
				AF36FCAD43C61ACC9EDF1323 /* Generate CMakeFiles/ALL_BUILD */,
			);
			dependencies = (
				B01C55A5DE954808AFE0F50A /* PBXTargetDependency */,
				EAEE29BC756045B88DA35661 /* PBXTargetDependency */,
			);
			name = ALL_BUILD;
			productName = ALL_BUILD;
		};
		9F5FAB4D1F144160B701CA2E /* ZERO_CHECK */ = {
			isa = PBXAggregateTarget;
			buildConfigurationList = DF76653CB78E41F48EF9B46C /* Build configuration list for PBXAggregateTarget "ZERO_CHECK" */;
			buildPhases = (
				FE0DE36E7CA8C1274CB78F41 /* Generate CMakeFiles/ZERO_CHECK */,
			);
			dependencies = (
			);
			name = ZERO_CHECK;
			productName = ZERO_CHECK;
		};
/* End PBXAggregateTarget section */

/* Begin PBXBuildFile section */
		3914539B0F544508A1AA17B7 /* main.cpp in Sources */ = {isa = PBXBuildFile; fileRef = F847AB043849473AAED7B643 /* main.cpp */; };
		55E6D23C2A8FE75300EC3365 /* MoltenVK.xcframework in Frameworks */ = {isa = PBXBuildFile; fileRef = 55E6D23B2A8FE75300EC3365 /* MoltenVK.xcframework */; };
		55E6D23E2A8FE75800EC3365 /* Foundation.framework in Frameworks */ = {isa = PBXBuildFile; fileRef = 55E6D23D2A8FE75800EC3365 /* Foundation.framework */; };
		55E6D2402A8FE75F00EC3365 /* UIKit.framework in Frameworks */ = {isa = PBXBuildFile; fileRef = 55E6D23F2A8FE75F00EC3365 /* UIKit.framework */; };
		55E6D2422A8FE76300EC3365 /* Metal.framework in Frameworks */ = {isa = PBXBuildFile; fileRef = 55E6D2412A8FE76300EC3365 /* Metal.framework */; };
		55E6D2442A8FE76A00EC3365 /* QuartzCore.framework in Frameworks */ = {isa = PBXBuildFile; fileRef = 55E6D2432A8FE76A00EC3365 /* QuartzCore.framework */; };
		55E6D2462A8FE77500EC3365 /* IOSurface.framework in Frameworks */ = {isa = PBXBuildFile; fileRef = 55E6D2452A8FE77500EC3365 /* IOSurface.framework */; };
		55E6D24A2A8FE78000EC3365 /* CoreGraphics.framework in Frameworks */ = {isa = PBXBuildFile; fileRef = 55E6D2492A8FE78000EC3365 /* CoreGraphics.framework */; };
		7E2384DAF7D044BBB79A0DA9 /* context.cpp in Sources */ = {isa = PBXBuildFile; fileRef = A691701FA0B74541B4C0069E /* context.cpp */; };
		D908CCDA95194D4C8D125CAE /* application.cpp in Sources */ = {isa = PBXBuildFile; fileRef = C593583A485D4DE792EF3A3A /* application.cpp */; };
/* End PBXBuildFile section */

/* Begin PBXContainerItemProxy section */
		4303CA62881948B480ED00D3 /* PBXContainerItemProxy */ = {
			isa = PBXContainerItemProxy;
			containerPortal = C332E0BDC59B4A52B8827DB2 /* Project object */;
			proxyType = 1;
			remoteGlobalIDString = 919698E92AEB443884CAA491;
			remoteInfo = Symbios;
		};
		4FA4FD782FA34B4C8DD91B68 /* PBXContainerItemProxy */ = {
			isa = PBXContainerItemProxy;
			containerPortal = C332E0BDC59B4A52B8827DB2 /* Project object */;
			proxyType = 1;
			remoteGlobalIDString = 9F5FAB4D1F144160B701CA2E;
			remoteInfo = ZERO_CHECK;
		};
		AB6C3407B26D4E668BDBCB8E /* PBXContainerItemProxy */ = {
			isa = PBXContainerItemProxy;
			containerPortal = C332E0BDC59B4A52B8827DB2 /* Project object */;
			proxyType = 1;
			remoteGlobalIDString = 9F5FAB4D1F144160B701CA2E;
			remoteInfo = ZERO_CHECK;
		};
/* End PBXContainerItemProxy section */

/* Begin PBXFileReference section */
		2B48FA52A8FE4749AF61AF0C /* CMakeLists.txt */ = {isa = PBXFileReference; explicitFileType = sourcecode.text; fileEncoding = 4; lastKnownFileType = text; path = CMakeLists.txt; sourceTree = SOURCE_ROOT; };
		470A65452B444B83A3ACAC40 /* Info.plist */ = {isa = PBXFileReference; explicitFileType = sourcecode.text.plist; fileEncoding = 4; lastKnownFileType = text.plist.xml; name = Info.plist; path = iOS/CMakeFiles/Symbios.dir/Info.plist; sourceTree = SOURCE_ROOT; };
		55E6D23B2A8FE75300EC3365 /* MoltenVK.xcframework */ = {isa = PBXFileReference; lastKnownFileType = wrapper.xcframework; name = MoltenVK.xcframework; path = ../../VulkanSDK/1.3.250.1/MoltenVK/MoltenVK.xcframework; sourceTree = "<group>"; };
		55E6D23D2A8FE75800EC3365 /* Foundation.framework */ = {isa = PBXFileReference; lastKnownFileType = wrapper.framework; name = Foundation.framework; path = System/Library/Frameworks/Foundation.framework; sourceTree = SDKROOT; };
		55E6D23F2A8FE75F00EC3365 /* UIKit.framework */ = {isa = PBXFileReference; lastKnownFileType = wrapper.framework; name = UIKit.framework; path = System/Library/Frameworks/UIKit.framework; sourceTree = SDKROOT; };
		55E6D2412A8FE76300EC3365 /* Metal.framework */ = {isa = PBXFileReference; lastKnownFileType = wrapper.framework; name = Metal.framework; path = System/Library/Frameworks/Metal.framework; sourceTree = SDKROOT; };
		55E6D2432A8FE76A00EC3365 /* QuartzCore.framework */ = {isa = PBXFileReference; lastKnownFileType = wrapper.framework; name = QuartzCore.framework; path = System/Library/Frameworks/QuartzCore.framework; sourceTree = SDKROOT; };
		55E6D2452A8FE77500EC3365 /* IOSurface.framework */ = {isa = PBXFileReference; lastKnownFileType = wrapper.framework; name = IOSurface.framework; path = System/Library/Frameworks/IOSurface.framework; sourceTree = SDKROOT; };
		55E6D2472A8FE77900EC3365 /* libswiftCoreGraphics.tbd */ = {isa = PBXFileReference; lastKnownFileType = "sourcecode.text-based-dylib-definition"; name = libswiftCoreGraphics.tbd; path = usr/lib/swift/libswiftCoreGraphics.tbd; sourceTree = SDKROOT; };
		55E6D2492A8FE78000EC3365 /* CoreGraphics.framework */ = {isa = PBXFileReference; lastKnownFileType = wrapper.framework; name = CoreGraphics.framework; path = System/Library/Frameworks/CoreGraphics.framework; sourceTree = SDKROOT; };
		947DD004DFCD421C95B4EEA5 /* Symbios.app */ = {isa = PBXFileReference; explicitFileType = wrapper.application; path = Symbios.app; sourceTree = BUILT_PRODUCTS_DIR; };
		A691701FA0B74541B4C0069E /* context.cpp */ = {isa = PBXFileReference; explicitFileType = sourcecode.cpp.cpp; fileEncoding = 4; name = context.cpp; path = src/core/context/context.cpp; sourceTree = SOURCE_ROOT; };
		C593583A485D4DE792EF3A3A /* application.cpp */ = {isa = PBXFileReference; explicitFileType = sourcecode.cpp.cpp; fileEncoding = 4; name = application.cpp; path = src/core/application/application.cpp; sourceTree = SOURCE_ROOT; };
		E959817B2F624ED5A0E42262 /* CMakeLists.txt */ = {isa = PBXFileReference; explicitFileType = sourcecode.text; fileEncoding = 4; lastKnownFileType = text; path = CMakeLists.txt; sourceTree = SOURCE_ROOT; };
		F847AB043849473AAED7B643 /* main.cpp */ = {isa = PBXFileReference; explicitFileType = sourcecode.cpp.cpp; fileEncoding = 4; name = main.cpp; path = src/main.cpp; sourceTree = SOURCE_ROOT; };
/* End PBXFileReference section */

/* Begin PBXFrameworksBuildPhase section */
		07304A28CB86429BBA31ECC9 /* Frameworks */ = {
			isa = PBXFrameworksBuildPhase;
			buildActionMask = 2147483647;
			files = (
				55E6D24A2A8FE78000EC3365 /* CoreGraphics.framework in Frameworks */,
				55E6D2462A8FE77500EC3365 /* IOSurface.framework in Frameworks */,
				55E6D2442A8FE76A00EC3365 /* QuartzCore.framework in Frameworks */,
				55E6D2422A8FE76300EC3365 /* Metal.framework in Frameworks */,
				55E6D2402A8FE75F00EC3365 /* UIKit.framework in Frameworks */,
				55E6D23E2A8FE75800EC3365 /* Foundation.framework in Frameworks */,
				55E6D23C2A8FE75300EC3365 /* MoltenVK.xcframework in Frameworks */,
			);
			runOnlyForDeploymentPostprocessing = 0;
		};
/* End PBXFrameworksBuildPhase section */

/* Begin PBXGroup section */
		57D2A60C265B4AA3BC4F7567 /* Resources */ = {
			isa = PBXGroup;
			children = (
				470A65452B444B83A3ACAC40 /* Info.plist */,
			);
			name = Resources;
			sourceTree = "<group>";
		};
		9FD13F480B9341F791523908 /* Symbios */ = {
			isa = PBXGroup;
			children = (
				BA2D10B25B0E4372B3E48065 /* Source Files */,
				57D2A60C265B4AA3BC4F7567 /* Resources */,
				E959817B2F624ED5A0E42262 /* CMakeLists.txt */,
			);
			name = Symbios;
			sourceTree = "<group>";
		};
		A7EDB652D1B24A5BB1376455 = {
			isa = PBXGroup;
			children = (
				9FD13F480B9341F791523908 /* Symbios */,
				C796FB1D85414D029930B32F /* ALL_BUILD */,
				D6CE49E436934C729A469D5E /* Products */,
				E47E4703BFD74F1C95D6D9DF /* Frameworks */,
			);
			sourceTree = "<group>";
		};
		BA2D10B25B0E4372B3E48065 /* Source Files */ = {
			isa = PBXGroup;
			children = (
				C593583A485D4DE792EF3A3A /* application.cpp */,
				A691701FA0B74541B4C0069E /* context.cpp */,
				F847AB043849473AAED7B643 /* main.cpp */,
			);
			name = "Source Files";
			sourceTree = "<group>";
		};
		BBA6A375773C49EE87C73264 /* CMake Rules */ = {
			isa = PBXGroup;
			children = (
			);
			name = "CMake Rules";
			sourceTree = "<group>";
		};
		C796FB1D85414D029930B32F /* ALL_BUILD */ = {
			isa = PBXGroup;
			children = (
				BBA6A375773C49EE87C73264 /* CMake Rules */,
				2B48FA52A8FE4749AF61AF0C /* CMakeLists.txt */,
			);
			name = ALL_BUILD;
			sourceTree = "<group>";
		};
		D6CE49E436934C729A469D5E /* Products */ = {
			isa = PBXGroup;
			children = (
				947DD004DFCD421C95B4EEA5 /* Symbios.app */,
			);
			name = Products;
			sourceTree = "<group>";
		};
		E47E4703BFD74F1C95D6D9DF /* Frameworks */ = {
			isa = PBXGroup;
			children = (
				55E6D2492A8FE78000EC3365 /* CoreGraphics.framework */,
				55E6D2472A8FE77900EC3365 /* libswiftCoreGraphics.tbd */,
				55E6D2452A8FE77500EC3365 /* IOSurface.framework */,
				55E6D2432A8FE76A00EC3365 /* QuartzCore.framework */,
				55E6D2412A8FE76300EC3365 /* Metal.framework */,
				55E6D23F2A8FE75F00EC3365 /* UIKit.framework */,
				55E6D23D2A8FE75800EC3365 /* Foundation.framework */,
				55E6D23B2A8FE75300EC3365 /* MoltenVK.xcframework */,
			);
			name = Frameworks;
			sourceTree = "<group>";
		};
/* End PBXGroup section */

/* Begin PBXNativeTarget section */
		919698E92AEB443884CAA491 /* Symbios */ = {
			isa = PBXNativeTarget;
			buildConfigurationList = EB60D8D000644B89A792FA7B /* Build configuration list for PBXNativeTarget "Symbios" */;
			buildPhases = (
				A1CE4EB2E38F4849B87BE5F1 /* Sources */,
				07304A28CB86429BBA31ECC9 /* Frameworks */,
			);
			buildRules = (
			);
			dependencies = (
				73C6DD80209645B587144600 /* PBXTargetDependency */,
			);
			name = Symbios;
			productName = Symbios;
			productReference = 947DD004DFCD421C95B4EEA5 /* Symbios.app */;
			productType = "com.apple.product-type.application";
		};
/* End PBXNativeTarget section */

/* Begin PBXProject section */
		C332E0BDC59B4A52B8827DB2 /* Project object */ = {
			isa = PBXProject;
			attributes = {
				LastUpgradeCheck = 1430;
			};
			buildConfigurationList = 61F963321B3041FE8DBC6ABD /* Build configuration list for PBXProject "Symbios" */;
			compatibilityVersion = "Xcode 3.2";
			developmentRegion = en;
			hasScannedForEncodings = 0;
			knownRegions = (
				en,
				Base,
			);
			mainGroup = A7EDB652D1B24A5BB1376455;
			projectDirPath = /Users/joakim/Desktop/Symbios;
			projectRoot = "";
			targets = (
				710543B3D866428F99149E89 /* ALL_BUILD */,
				919698E92AEB443884CAA491 /* Symbios */,
				9F5FAB4D1F144160B701CA2E /* ZERO_CHECK */,
			);
		};
/* End PBXProject section */

/* Begin PBXShellScriptBuildPhase section */
		AF36FCAD43C61ACC9EDF1323 /* Generate CMakeFiles/ALL_BUILD */ = {
			isa = PBXShellScriptBuildPhase;
			alwaysOutOfDate = 1;
			buildActionMask = 2147483647;
			files = (
			);
			inputPaths = (
			);
			name = "Generate CMakeFiles/ALL_BUILD";
			outputPaths = (
				/Users/joakim/Desktop/Symbios/iOS/CMakeFiles/ALL_BUILD,
			);
			runOnlyForDeploymentPostprocessing = 0;
			shellPath = /bin/sh;
			shellScript = "set -e\nif test \"$CONFIGURATION\" = \"Debug\"; then :\n  cd /Users/joakim/Desktop/Symbios/iOS\n  echo Build\\ all\\ projects\nfi\nif test \"$CONFIGURATION\" = \"Release\"; then :\n  cd /Users/joakim/Desktop/Symbios/iOS\n  echo Build\\ all\\ projects\nfi\nif test \"$CONFIGURATION\" = \"MinSizeRel\"; then :\n  cd /Users/joakim/Desktop/Symbios/iOS\n  echo Build\\ all\\ projects\nfi\nif test \"$CONFIGURATION\" = \"RelWithDebInfo\"; then :\n  cd /Users/joakim/Desktop/Symbios/iOS\n  echo Build\\ all\\ projects\nfi\n";
			showEnvVarsInLog = 0;
		};
		FE0DE36E7CA8C1274CB78F41 /* Generate CMakeFiles/ZERO_CHECK */ = {
			isa = PBXShellScriptBuildPhase;
			alwaysOutOfDate = 1;
			buildActionMask = 2147483647;
			files = (
			);
			inputPaths = (
			);
			name = "Generate CMakeFiles/ZERO_CHECK";
			outputPaths = (
				/Users/joakim/Desktop/Symbios/iOS/CMakeFiles/ZERO_CHECK,
			);
			runOnlyForDeploymentPostprocessing = 0;
			shellPath = /bin/sh;
			shellScript = "set -e\nif test \"$CONFIGURATION\" = \"Debug\"; then :\n  cd /Users/joakim/Desktop/Symbios/iOS\n  make -f /Users/joakim/Desktop/Symbios/iOS/CMakeScripts/ReRunCMake.make\nfi\nif test \"$CONFIGURATION\" = \"Release\"; then :\n  cd /Users/joakim/Desktop/Symbios/iOS\n  make -f /Users/joakim/Desktop/Symbios/iOS/CMakeScripts/ReRunCMake.make\nfi\nif test \"$CONFIGURATION\" = \"MinSizeRel\"; then :\n  cd /Users/joakim/Desktop/Symbios/iOS\n  make -f /Users/joakim/Desktop/Symbios/iOS/CMakeScripts/ReRunCMake.make\nfi\nif test \"$CONFIGURATION\" = \"RelWithDebInfo\"; then :\n  cd /Users/joakim/Desktop/Symbios/iOS\n  make -f /Users/joakim/Desktop/Symbios/iOS/CMakeScripts/ReRunCMake.make\nfi\n";
			showEnvVarsInLog = 0;
		};
/* End PBXShellScriptBuildPhase section */

/* Begin PBXSourcesBuildPhase section */
		A1CE4EB2E38F4849B87BE5F1 /* Sources */ = {
			isa = PBXSourcesBuildPhase;
			buildActionMask = 2147483647;
			files = (
				D908CCDA95194D4C8D125CAE /* application.cpp in Sources */,
				7E2384DAF7D044BBB79A0DA9 /* context.cpp in Sources */,
				3914539B0F544508A1AA17B7 /* main.cpp in Sources */,
			);
			runOnlyForDeploymentPostprocessing = 0;
		};
/* End PBXSourcesBuildPhase section */

/* Begin PBXTargetDependency section */
		73C6DD80209645B587144600 /* PBXTargetDependency */ = {
			isa = PBXTargetDependency;
			target = 9F5FAB4D1F144160B701CA2E /* ZERO_CHECK */;
			targetProxy = 4FA4FD782FA34B4C8DD91B68 /* PBXContainerItemProxy */;
		};
		B01C55A5DE954808AFE0F50A /* PBXTargetDependency */ = {
			isa = PBXTargetDependency;
			target = 919698E92AEB443884CAA491 /* Symbios */;
			targetProxy = 4303CA62881948B480ED00D3 /* PBXContainerItemProxy */;
		};
		EAEE29BC756045B88DA35661 /* PBXTargetDependency */ = {
			isa = PBXTargetDependency;
			target = 9F5FAB4D1F144160B701CA2E /* ZERO_CHECK */;
			targetProxy = AB6C3407B26D4E668BDBCB8E /* PBXContainerItemProxy */;
		};
/* End PBXTargetDependency section */

/* Begin XCBuildConfiguration section */
		2166874244EA48A1A740F317 /* MinSizeRel */ = {
			isa = XCBuildConfiguration;
			buildSettings = {
				COMBINE_HIDPI_IMAGES = YES;
				GCC_GENERATE_DEBUGGING_SYMBOLS = YES;
				GCC_INLINES_ARE_PRIVATE_EXTERN = NO;
				GCC_OPTIMIZATION_LEVEL = 0;
				GCC_PREPROCESSOR_DEFINITIONS = (
					"'CMAKE_INTDIR=\"$(CONFIGURATION)$(EFFECTIVE_PLATFORM_NAME)\"'",
					"$(inherited)",
				);
				GCC_SYMBOLS_PRIVATE_EXTERN = NO;
				INSTALL_PATH = "";
				OTHER_LDFLAGS = " $(inherited)";
				OTHER_REZFLAGS = "";
				PRODUCT_NAME = ZERO_CHECK;
				SECTORDER_FLAGS = "";
				SYMROOT = /Users/joakim/Desktop/Symbios/iOS;
				USE_HEADERMAP = NO;
				WARNING_CFLAGS = "$(inherited)";
			};
			name = MinSizeRel;
		};
		23ADAC8CD263445C9E350E5F /* MinSizeRel */ = {
			isa = XCBuildConfiguration;
			buildSettings = {
				ARCHS = (
					arm64,
					x86_64,
				);
				"ARCHS[sdk=iphoneos*]" = arm64;
				"ARCHS[sdk=iphonesimulator*]" = (
					x86_64,
					arm64,
				);
				CLANG_CXX_LIBRARY = "libc++";
				CLANG_ENABLE_OBJC_ARC = YES;
				CODE_SIGNING_REQUIRED = NO;
				ENABLE_BITCODE = NO;
				GCC_SYMBOLS_PRIVATE_EXTERN = YES;
				IPHONEOS_DEPLOYMENT_TARGET = 11.0;
				ONLY_ACTIVE_ARCH = NO;
				SDKROOT = iphoneos;
				SYMROOT = /Users/joakim/Desktop/Symbios/iOS/build;
				"VALID_ARCHS[sdk=iphoneos*]" = arm64;
				"VALID_ARCHS[sdk=iphonesimulator*]" = "x86_64 arm64";
			};
			name = MinSizeRel;
		};
		36FBD181DBB347A78F4E8E00 /* Debug */ = {
			isa = XCBuildConfiguration;
			buildSettings = {
				ARCHS = (
					arm64,
					x86_64,
				);
				COMBINE_HIDPI_IMAGES = YES;
				EXECUTABLE_PREFIX = "";
				EXECUTABLE_SUFFIX = "";
				GCC_GENERATE_DEBUGGING_SYMBOLS = YES;
				GCC_INLINES_ARE_PRIVATE_EXTERN = NO;
				GCC_OPTIMIZATION_LEVEL = 0;
				GCC_PREPROCESSOR_DEFINITIONS = (
					"'CMAKE_INTDIR=\"$(CONFIGURATION)$(EFFECTIVE_PLATFORM_NAME)\"'",
					"$(inherited)",
				);
				GCC_SYMBOLS_PRIVATE_EXTERN = NO;
				HEADER_SEARCH_PATHS = (
					/Users/joakim/Desktop/Symbios/src,
					/Users/joakim/Desktop/Symbios/src/core/application,
					/Users/joakim/Desktop/Symbios/src/core/context,
					"/Users/joakim/Desktop/Symbios/external/metal-cpp",
					/Users/joakim/Desktop/Symbios/external/plog/include,
					"$(inherited)",
					"\"$(SRCROOT)/../../VulkanSDK/1.3.250.1/MoltenVK/include\"",
				);
				INFOPLIST_FILE = /Users/joakim/Desktop/Symbios/iOS/CMakeFiles/Symbios.dir/Info.plist;
				INSTALL_PATH = "";
				IPHONEOS_DEPLOYMENT_TARGET = 12.0;
				LIBRARY_SEARCH_PATHS = (
					"$(inherited)",
					"$(SDKROOT)/usr/lib/swift",
				);
				ONLY_ACTIVE_ARCH = NO;
				OTHER_CPLUSPLUSFLAGS = "   '-std=gnu++17' ";
				OTHER_LDFLAGS = (
					"-Wl,-search_paths_first",
					"-Wl,-headerpad_max_install_names",
					"$(inherited)",
				);
				OTHER_REZFLAGS = "";
				PRODUCT_NAME = Symbios;
				SECTORDER_FLAGS = "";
				SYMROOT = /Users/joakim/Desktop/Symbios/iOS;
				USE_HEADERMAP = NO;
				WARNING_CFLAGS = "$(inherited)";
			};
			name = Debug;
		};
		37246DD912A344188F6AA56C /* MinSizeRel */ = {
			isa = XCBuildConfiguration;
			buildSettings = {
				COMBINE_HIDPI_IMAGES = YES;
				GCC_GENERATE_DEBUGGING_SYMBOLS = YES;
				GCC_INLINES_ARE_PRIVATE_EXTERN = NO;
				GCC_OPTIMIZATION_LEVEL = 0;
				GCC_PREPROCESSOR_DEFINITIONS = (
					"'CMAKE_INTDIR=\"$(CONFIGURATION)$(EFFECTIVE_PLATFORM_NAME)\"'",
					"$(inherited)",
				);
				GCC_SYMBOLS_PRIVATE_EXTERN = NO;
				INSTALL_PATH = "";
				OTHER_LDFLAGS = " $(inherited)";
				OTHER_REZFLAGS = "";
				PRODUCT_NAME = ALL_BUILD;
				SECTORDER_FLAGS = "";
				SYMROOT = /Users/joakim/Desktop/Symbios/iOS;
				USE_HEADERMAP = NO;
				WARNING_CFLAGS = "$(inherited)";
			};
			name = MinSizeRel;
		};
		3C18F8297DEE4FE5B883D07A /* RelWithDebInfo */ = {
			isa = XCBuildConfiguration;
			buildSettings = {
				COMBINE_HIDPI_IMAGES = YES;
				GCC_GENERATE_DEBUGGING_SYMBOLS = YES;
				GCC_INLINES_ARE_PRIVATE_EXTERN = NO;
				GCC_OPTIMIZATION_LEVEL = 0;
				GCC_PREPROCESSOR_DEFINITIONS = (
					"'CMAKE_INTDIR=\"$(CONFIGURATION)$(EFFECTIVE_PLATFORM_NAME)\"'",
					"$(inherited)",
				);
				GCC_SYMBOLS_PRIVATE_EXTERN = NO;
				INSTALL_PATH = "";
				OTHER_LDFLAGS = " $(inherited)";
				OTHER_REZFLAGS = "";
				PRODUCT_NAME = ALL_BUILD;
				SECTORDER_FLAGS = "";
				SYMROOT = /Users/joakim/Desktop/Symbios/iOS;
				USE_HEADERMAP = NO;
				WARNING_CFLAGS = "$(inherited)";
			};
			name = RelWithDebInfo;
		};
		44CC8F52C8474CBEB5F4CED0 /* Debug */ = {
			isa = XCBuildConfiguration;
			buildSettings = {
				ARCHS = (
					arm64,
					x86_64,
				);
				"ARCHS[sdk=iphoneos*]" = arm64;
				"ARCHS[sdk=iphonesimulator*]" = (
					x86_64,
					arm64,
				);
				CLANG_CXX_LIBRARY = "libc++";
				CLANG_ENABLE_OBJC_ARC = YES;
				CODE_SIGNING_REQUIRED = NO;
				ENABLE_BITCODE = NO;
				GCC_SYMBOLS_PRIVATE_EXTERN = YES;
				IPHONEOS_DEPLOYMENT_TARGET = 11.0;
				ONLY_ACTIVE_ARCH = NO;
				SDKROOT = iphoneos;
				SYMROOT = /Users/joakim/Desktop/Symbios/iOS/build;
				"VALID_ARCHS[sdk=iphoneos*]" = arm64;
				"VALID_ARCHS[sdk=iphonesimulator*]" = "x86_64 arm64";
			};
			name = Debug;
		};
		5EFA2643A18D4A2FB8D890A4 /* Release */ = {
			isa = XCBuildConfiguration;
			buildSettings = {
				COMBINE_HIDPI_IMAGES = YES;
				GCC_GENERATE_DEBUGGING_SYMBOLS = YES;
				GCC_INLINES_ARE_PRIVATE_EXTERN = NO;
				GCC_OPTIMIZATION_LEVEL = 0;
				GCC_PREPROCESSOR_DEFINITIONS = (
					"'CMAKE_INTDIR=\"$(CONFIGURATION)$(EFFECTIVE_PLATFORM_NAME)\"'",
					"$(inherited)",
				);
				GCC_SYMBOLS_PRIVATE_EXTERN = NO;
				INSTALL_PATH = "";
				OTHER_LDFLAGS = " $(inherited)";
				OTHER_REZFLAGS = "";
				PRODUCT_NAME = ALL_BUILD;
				SECTORDER_FLAGS = "";
				SYMROOT = /Users/joakim/Desktop/Symbios/iOS;
				USE_HEADERMAP = NO;
				WARNING_CFLAGS = "$(inherited)";
			};
			name = Release;
		};
		61C110E94D754251A2F9D289 /* Release */ = {
			isa = XCBuildConfiguration;
			buildSettings = {
				COMBINE_HIDPI_IMAGES = YES;
				GCC_GENERATE_DEBUGGING_SYMBOLS = YES;
				GCC_INLINES_ARE_PRIVATE_EXTERN = NO;
				GCC_OPTIMIZATION_LEVEL = 0;
				GCC_PREPROCESSOR_DEFINITIONS = (
					"'CMAKE_INTDIR=\"$(CONFIGURATION)$(EFFECTIVE_PLATFORM_NAME)\"'",
					"$(inherited)",
				);
				GCC_SYMBOLS_PRIVATE_EXTERN = NO;
				INSTALL_PATH = "";
				OTHER_LDFLAGS = " $(inherited)";
				OTHER_REZFLAGS = "";
				PRODUCT_NAME = ZERO_CHECK;
				SECTORDER_FLAGS = "";
				SYMROOT = /Users/joakim/Desktop/Symbios/iOS;
				USE_HEADERMAP = NO;
				WARNING_CFLAGS = "$(inherited)";
			};
			name = Release;
		};
		64F2D9900685402E93C0E9DB /* Debug */ = {
			isa = XCBuildConfiguration;
			buildSettings = {
				COMBINE_HIDPI_IMAGES = YES;
				GCC_GENERATE_DEBUGGING_SYMBOLS = YES;
				GCC_INLINES_ARE_PRIVATE_EXTERN = NO;
				GCC_OPTIMIZATION_LEVEL = 0;
				GCC_PREPROCESSOR_DEFINITIONS = (
					"'CMAKE_INTDIR=\"$(CONFIGURATION)$(EFFECTIVE_PLATFORM_NAME)\"'",
					"$(inherited)",
				);
				GCC_SYMBOLS_PRIVATE_EXTERN = NO;
				INSTALL_PATH = "";
				OTHER_LDFLAGS = " $(inherited)";
				OTHER_REZFLAGS = "";
				PRODUCT_NAME = ZERO_CHECK;
				SECTORDER_FLAGS = "";
				SYMROOT = /Users/joakim/Desktop/Symbios/iOS;
				USE_HEADERMAP = NO;
				WARNING_CFLAGS = "$(inherited)";
			};
			name = Debug;
		};
		65A1E02057C249E8B87B8264 /* Release */ = {
			isa = XCBuildConfiguration;
			buildSettings = {
				ARCHS = (
					arm64,
					x86_64,
				);
				"ARCHS[sdk=iphoneos*]" = arm64;
				"ARCHS[sdk=iphonesimulator*]" = (
					x86_64,
					arm64,
				);
				CLANG_CXX_LIBRARY = "libc++";
				CLANG_ENABLE_OBJC_ARC = YES;
				CODE_SIGNING_REQUIRED = NO;
				ENABLE_BITCODE = NO;
				GCC_SYMBOLS_PRIVATE_EXTERN = YES;
				IPHONEOS_DEPLOYMENT_TARGET = 11.0;
				ONLY_ACTIVE_ARCH = NO;
				SDKROOT = iphoneos;
				SYMROOT = /Users/joakim/Desktop/Symbios/iOS/build;
				"VALID_ARCHS[sdk=iphoneos*]" = arm64;
				"VALID_ARCHS[sdk=iphonesimulator*]" = "x86_64 arm64";
			};
			name = Release;
		};
		71F2D82AEB064EBEBB391409 /* RelWithDebInfo */ = {
			isa = XCBuildConfiguration;
			buildSettings = {
				ARCHS = (
					arm64,
					x86_64,
				);
				"ARCHS[sdk=iphoneos*]" = arm64;
				"ARCHS[sdk=iphonesimulator*]" = (
					x86_64,
					arm64,
				);
				CLANG_CXX_LIBRARY = "libc++";
				CLANG_ENABLE_OBJC_ARC = YES;
				CODE_SIGNING_REQUIRED = NO;
				ENABLE_BITCODE = NO;
				GCC_SYMBOLS_PRIVATE_EXTERN = YES;
				IPHONEOS_DEPLOYMENT_TARGET = 11.0;
				ONLY_ACTIVE_ARCH = NO;
				SDKROOT = iphoneos;
				SYMROOT = /Users/joakim/Desktop/Symbios/iOS/build;
				"VALID_ARCHS[sdk=iphoneos*]" = arm64;
				"VALID_ARCHS[sdk=iphonesimulator*]" = "x86_64 arm64";
			};
			name = RelWithDebInfo;
		};
		87A6197D9EA44590BD653790 /* Debug */ = {
			isa = XCBuildConfiguration;
			buildSettings = {
				COMBINE_HIDPI_IMAGES = YES;
				GCC_GENERATE_DEBUGGING_SYMBOLS = YES;
				GCC_INLINES_ARE_PRIVATE_EXTERN = NO;
				GCC_OPTIMIZATION_LEVEL = 0;
				GCC_PREPROCESSOR_DEFINITIONS = (
					"'CMAKE_INTDIR=\"$(CONFIGURATION)$(EFFECTIVE_PLATFORM_NAME)\"'",
					"$(inherited)",
				);
				GCC_SYMBOLS_PRIVATE_EXTERN = NO;
				INSTALL_PATH = "";
				OTHER_LDFLAGS = " $(inherited)";
				OTHER_REZFLAGS = "";
				PRODUCT_NAME = ALL_BUILD;
				SECTORDER_FLAGS = "";
				SYMROOT = /Users/joakim/Desktop/Symbios/iOS;
				USE_HEADERMAP = NO;
				WARNING_CFLAGS = "$(inherited)";
			};
			name = Debug;
		};
		B8F0FBDCFDC04ECDB73A66CD /* RelWithDebInfo */ = {
			isa = XCBuildConfiguration;
			buildSettings = {
				COMBINE_HIDPI_IMAGES = YES;
				GCC_GENERATE_DEBUGGING_SYMBOLS = YES;
				GCC_INLINES_ARE_PRIVATE_EXTERN = NO;
				GCC_OPTIMIZATION_LEVEL = 0;
				GCC_PREPROCESSOR_DEFINITIONS = (
					"'CMAKE_INTDIR=\"$(CONFIGURATION)$(EFFECTIVE_PLATFORM_NAME)\"'",
					"$(inherited)",
				);
				GCC_SYMBOLS_PRIVATE_EXTERN = NO;
				INSTALL_PATH = "";
				OTHER_LDFLAGS = " $(inherited)";
				OTHER_REZFLAGS = "";
				PRODUCT_NAME = ZERO_CHECK;
				SECTORDER_FLAGS = "";
				SYMROOT = /Users/joakim/Desktop/Symbios/iOS;
				USE_HEADERMAP = NO;
				WARNING_CFLAGS = "$(inherited)";
			};
			name = RelWithDebInfo;
		};
		BC404FEDE1A04F1E96703773 /* Release */ = {
			isa = XCBuildConfiguration;
			buildSettings = {
				ARCHS = (
					arm64,
					x86_64,
				);
				COMBINE_HIDPI_IMAGES = YES;
				EXECUTABLE_PREFIX = "";
				EXECUTABLE_SUFFIX = "";
				GCC_GENERATE_DEBUGGING_SYMBOLS = NO;
				GCC_INLINES_ARE_PRIVATE_EXTERN = NO;
				GCC_OPTIMIZATION_LEVEL = 3;
				GCC_PREPROCESSOR_DEFINITIONS = (
					"'CMAKE_INTDIR=\"$(CONFIGURATION)$(EFFECTIVE_PLATFORM_NAME)\"'",
					"$(inherited)",
				);
				GCC_SYMBOLS_PRIVATE_EXTERN = NO;
				HEADER_SEARCH_PATHS = (
					/Users/joakim/Desktop/Symbios/src,
					/Users/joakim/Desktop/Symbios/src/core/application,
					/Users/joakim/Desktop/Symbios/src/core/context,
					"/Users/joakim/Desktop/Symbios/external/metal-cpp",
					/Users/joakim/Desktop/Symbios/external/plog/include,
					"$(inherited)",
					"\"$(SRCROOT)/../../VulkanSDK/1.3.250.1/MoltenVK/include\"",
				);
				INFOPLIST_FILE = /Users/joakim/Desktop/Symbios/iOS/CMakeFiles/Symbios.dir/Info.plist;
				INSTALL_PATH = "";
				IPHONEOS_DEPLOYMENT_TARGET = 12.0;
				LIBRARY_SEARCH_PATHS = (
					"$(inherited)",
					"$(SDKROOT)/usr/lib/swift",
				);
				ONLY_ACTIVE_ARCH = NO;
				OTHER_CPLUSPLUSFLAGS = (
					"-DNDEBUG",
					"'-std=gnu++17'",
				);
				OTHER_LDFLAGS = (
					"-Wl,-search_paths_first",
					"-Wl,-headerpad_max_install_names",
					"$(inherited)",
				);
				OTHER_REZFLAGS = "";
				PRODUCT_NAME = Symbios;
				SECTORDER_FLAGS = "";
				SYMROOT = /Users/joakim/Desktop/Symbios/iOS;
				USE_HEADERMAP = NO;
				WARNING_CFLAGS = "$(inherited)";
			};
			name = Release;
		};
		BEFF8D68ADF74F70A41E57BD /* MinSizeRel */ = {
			isa = XCBuildConfiguration;
			buildSettings = {
				ARCHS = (
					arm64,
					x86_64,
				);
				COMBINE_HIDPI_IMAGES = YES;
				EXECUTABLE_PREFIX = "";
				EXECUTABLE_SUFFIX = "";
				GCC_GENERATE_DEBUGGING_SYMBOLS = NO;
				GCC_INLINES_ARE_PRIVATE_EXTERN = NO;
				GCC_OPTIMIZATION_LEVEL = s;
				GCC_PREPROCESSOR_DEFINITIONS = (
					"'CMAKE_INTDIR=\"$(CONFIGURATION)$(EFFECTIVE_PLATFORM_NAME)\"'",
					"$(inherited)",
				);
				GCC_SYMBOLS_PRIVATE_EXTERN = NO;
				HEADER_SEARCH_PATHS = (
					/Users/joakim/Desktop/Symbios/src,
					/Users/joakim/Desktop/Symbios/src/core/application,
					/Users/joakim/Desktop/Symbios/src/core/context,
					"/Users/joakim/Desktop/Symbios/external/metal-cpp",
					/Users/joakim/Desktop/Symbios/external/plog/include,
					"$(inherited)",
					"\"$(SRCROOT)/../../VulkanSDK/1.3.250.1/MoltenVK/include\"",
				);
				INFOPLIST_FILE = /Users/joakim/Desktop/Symbios/iOS/CMakeFiles/Symbios.dir/Info.plist;
				INSTALL_PATH = "";
				IPHONEOS_DEPLOYMENT_TARGET = 12.0;
				LIBRARY_SEARCH_PATHS = (
					"$(inherited)",
					"$(SDKROOT)/usr/lib/swift",
				);
				ONLY_ACTIVE_ARCH = NO;
				OTHER_CPLUSPLUSFLAGS = (
					"-DNDEBUG",
					"'-std=gnu++17'",
				);
				OTHER_LDFLAGS = (
					"-Wl,-search_paths_first",
					"-Wl,-headerpad_max_install_names",
					"$(inherited)",
				);
				OTHER_REZFLAGS = "";
				PRODUCT_NAME = Symbios;
				SECTORDER_FLAGS = "";
				SYMROOT = /Users/joakim/Desktop/Symbios/iOS;
				USE_HEADERMAP = NO;
				WARNING_CFLAGS = "$(inherited)";
			};
			name = MinSizeRel;
		};
		C67F999ADEC94EADB54B165D /* RelWithDebInfo */ = {
			isa = XCBuildConfiguration;
			buildSettings = {
				ARCHS = (
					arm64,
					x86_64,
				);
				COMBINE_HIDPI_IMAGES = YES;
				EXECUTABLE_PREFIX = "";
				EXECUTABLE_SUFFIX = "";
				GCC_GENERATE_DEBUGGING_SYMBOLS = YES;
				GCC_INLINES_ARE_PRIVATE_EXTERN = NO;
				GCC_OPTIMIZATION_LEVEL = 2;
				GCC_PREPROCESSOR_DEFINITIONS = (
					"'CMAKE_INTDIR=\"$(CONFIGURATION)$(EFFECTIVE_PLATFORM_NAME)\"'",
					"$(inherited)",
				);
				GCC_SYMBOLS_PRIVATE_EXTERN = NO;
				HEADER_SEARCH_PATHS = (
					/Users/joakim/Desktop/Symbios/src,
					/Users/joakim/Desktop/Symbios/src/core/application,
					/Users/joakim/Desktop/Symbios/src/core/context,
					"/Users/joakim/Desktop/Symbios/external/metal-cpp",
					/Users/joakim/Desktop/Symbios/external/plog/include,
					"$(inherited)",
					"\"$(SRCROOT)/../../VulkanSDK/1.3.250.1/MoltenVK/include\"",
				);
				INFOPLIST_FILE = /Users/joakim/Desktop/Symbios/iOS/CMakeFiles/Symbios.dir/Info.plist;
				INSTALL_PATH = "";
				IPHONEOS_DEPLOYMENT_TARGET = 12.0;
				LIBRARY_SEARCH_PATHS = (
					"$(inherited)",
					"$(SDKROOT)/usr/lib/swift",
				);
				ONLY_ACTIVE_ARCH = NO;
				OTHER_CPLUSPLUSFLAGS = (
					"-DNDEBUG",
					"'-std=gnu++17'",
				);
				OTHER_LDFLAGS = (
					"-Wl,-search_paths_first",
					"-Wl,-headerpad_max_install_names",
					"$(inherited)",
				);
				OTHER_REZFLAGS = "";
				PRODUCT_NAME = Symbios;
				SECTORDER_FLAGS = "";
				SYMROOT = /Users/joakim/Desktop/Symbios/iOS;
				USE_HEADERMAP = NO;
				WARNING_CFLAGS = "$(inherited)";
			};
			name = RelWithDebInfo;
		};
/* End XCBuildConfiguration section */

/* Begin XCConfigurationList section */
		1649ACD187D2421C8EE5F820 /* Build configuration list for PBXAggregateTarget "ALL_BUILD" */ = {
			isa = XCConfigurationList;
			buildConfigurations = (
				87A6197D9EA44590BD653790 /* Debug */,
				5EFA2643A18D4A2FB8D890A4 /* Release */,
				37246DD912A344188F6AA56C /* MinSizeRel */,
				3C18F8297DEE4FE5B883D07A /* RelWithDebInfo */,
			);
			defaultConfigurationIsVisible = 0;
			defaultConfigurationName = Debug;
		};
		61F963321B3041FE8DBC6ABD /* Build configuration list for PBXProject "Symbios" */ = {
			isa = XCConfigurationList;
			buildConfigurations = (
				44CC8F52C8474CBEB5F4CED0 /* Debug */,
				65A1E02057C249E8B87B8264 /* Release */,
				23ADAC8CD263445C9E350E5F /* MinSizeRel */,
				71F2D82AEB064EBEBB391409 /* RelWithDebInfo */,
			);
			defaultConfigurationIsVisible = 0;
			defaultConfigurationName = Debug;
		};
		DF76653CB78E41F48EF9B46C /* Build configuration list for PBXAggregateTarget "ZERO_CHECK" */ = {
			isa = XCConfigurationList;
			buildConfigurations = (
				64F2D9900685402E93C0E9DB /* Debug */,
				61C110E94D754251A2F9D289 /* Release */,
				2166874244EA48A1A740F317 /* MinSizeRel */,
				B8F0FBDCFDC04ECDB73A66CD /* RelWithDebInfo */,
			);
			defaultConfigurationIsVisible = 0;
			defaultConfigurationName = Debug;
		};
		EB60D8D000644B89A792FA7B /* Build configuration list for PBXNativeTarget "Symbios" */ = {
			isa = XCConfigurationList;
			buildConfigurations = (
				36FBD181DBB347A78F4E8E00 /* Debug */,
				BC404FEDE1A04F1E96703773 /* Release */,
				BEFF8D68ADF74F70A41E57BD /* MinSizeRel */,
				C67F999ADEC94EADB54B165D /* RelWithDebInfo */,
			);
			defaultConfigurationIsVisible = 0;
			defaultConfigurationName = Debug;
		};
/* End XCConfigurationList section */
	};
	rootObject = C332E0BDC59B4A52B8827DB2 /* Project object */;
}
