<?xml version="1.0" encoding="utf-8"?>
<Project ToolsVersion="17.0" xmlns="http://schemas.microsoft.com/developer/msbuild/2003">
  <ItemGroup>
    <CustomBuild Include="C:\Symbios\win\CMakeFiles\fcfcdc9c8538ce92937002a491c2b297\generate.stamp.rule">
      <Filter>CMake Rules</Filter>
    </CustomBuild>
  </ItemGroup>
  <ItemGroup>
    <Filter Include="CMake Rules">
      <UniqueIdentifier>{F30E3EEB-9F9A-3CC1-AF8E-F8C30CA24BD1}</UniqueIdentifier>
    </Filter>
  </ItemGroup>
</Project>
